# This file is generated by running "yarn install" inside your project.
# Manual changes might be lost - proceed with caution!

__metadata:
  version: 6
  cacheKey: 8

"@isaacs/cliui@npm:^8.0.2":
  version: 8.0.2
  resolution: "@isaacs/cliui@npm:8.0.2"
  dependencies:
    string-width: ^5.1.2
    string-width-cjs: "npm:string-width@^4.2.0"
    strip-ansi: ^7.0.1
    strip-ansi-cjs: "npm:strip-ansi@^6.0.1"
    wrap-ansi: ^8.1.0
    wrap-ansi-cjs: "npm:wrap-ansi@^7.0.0"
  checksum: 4a473b9b32a7d4d3cfb7a614226e555091ff0c5a29a1734c28c72a182c2f6699b26fc6b5c2131dfd841e86b185aea714c72201d7c98c2fba5f17709333a67aeb
  languageName: node
  linkType: hard

"@lavamoat/aa@npm:^4.3.2":
  version: 4.3.2
  resolution: "@lavamoat/aa@npm:4.3.2"
  dependencies:
    resolve: 1.22.10
  bin:
    lavamoat-ls: src/cli.js
  checksum: b560fbf29ca911f15790ef80f3cdb9cdd8a070d713a3ff7a6d639d048308de726c9319174e70b99d81084e865d5ef6c78234e28535d81dc1e497962b322ca40e
  languageName: node
  linkType: hard

"@lavamoat/allow-scripts@npm:^3.3.2":
  version: 3.3.2
  resolution: "@lavamoat/allow-scripts@npm:3.3.2"
  dependencies:
    "@lavamoat/aa": ^4.3.2
    "@npmcli/run-script": 8.1.0
    bin-links: 4.0.4
    npm-normalize-package-bin: 3.0.1
    type-fest: 4.30.0
    yargs: 17.7.2
  peerDependencies:
    "@lavamoat/preinstall-always-fail": "*"
  bin:
    allow-scripts: src/cli.js
  checksum: 0441b7831823c78d5edeff7f72586267c0ccaa84016cee12e1e47643a856d047b072f3d990550bca201dd89ae6533e49a9560c03ff6727d084d9aa87b3a71b57
  languageName: node
  linkType: hard

"@npmcli/agent@npm:^2.0.0":
  version: 2.2.2
  resolution: "@npmcli/agent@npm:2.2.2"
  dependencies:
    agent-base: ^7.1.0
    http-proxy-agent: ^7.0.0
    https-proxy-agent: ^7.0.1
    lru-cache: ^10.0.1
    socks-proxy-agent: ^8.0.3
  checksum: 67de7b88cc627a79743c88bab35e023e23daf13831a8aa4e15f998b92f5507b644d8ffc3788afc8e64423c612e0785a6a92b74782ce368f49a6746084b50d874
  languageName: node
  linkType: hard

"@npmcli/fs@npm:^3.1.0":
  version: 3.1.1
  resolution: "@npmcli/fs@npm:3.1.1"
  dependencies:
    semver: ^7.3.5
  checksum: d960cab4b93adcb31ce223bfb75c5714edbd55747342efb67dcc2f25e023d930a7af6ece3e75f2f459b6f38fc14d031c766f116cd124fdc937fd33112579e820
  languageName: node
  linkType: hard

"@npmcli/git@npm:^5.0.0":
  version: 5.0.8
  resolution: "@npmcli/git@npm:5.0.8"
  dependencies:
    "@npmcli/promise-spawn": ^7.0.0
    ini: ^4.1.3
    lru-cache: ^10.0.1
    npm-pick-manifest: ^9.0.0
    proc-log: ^4.0.0
    promise-inflight: ^1.0.1
    promise-retry: ^2.0.1
    semver: ^7.3.5
    which: ^4.0.0
  checksum: 8c1733b591e428719c60fceaca74b3355967f6ddbce851c0d163a3c2e8123aaa717361b8226f8f8e606685f14721ea97d8f99c4b5831bc9251007bb1a20663cd
  languageName: node
  linkType: hard

"@npmcli/node-gyp@npm:^3.0.0":
  version: 3.0.0
  resolution: "@npmcli/node-gyp@npm:3.0.0"
  checksum: fe3802b813eecb4ade7ad77c9396cb56721664275faab027e3bd8a5e15adfbbe39e2ecc19f7885feb3cfa009b96632741cc81caf7850ba74440c6a2eee7b4ffc
  languageName: node
  linkType: hard

"@npmcli/package-json@npm:^5.0.0":
  version: 5.2.1
  resolution: "@npmcli/package-json@npm:5.2.1"
  dependencies:
    "@npmcli/git": ^5.0.0
    glob: ^10.2.2
    hosted-git-info: ^7.0.0
    json-parse-even-better-errors: ^3.0.0
    normalize-package-data: ^6.0.0
    proc-log: ^4.0.0
    semver: ^7.5.3
  checksum: f9f76428fb3b3350fe840f1fa49854d18ff1ecb82b426c9cf53a62a37389c357a89d64a07497f50b7fbf1c742f5a0cd349d8efdddef0bb6982497f8356c1f98a
  languageName: node
  linkType: hard

"@npmcli/promise-spawn@npm:^7.0.0":
  version: 7.0.2
  resolution: "@npmcli/promise-spawn@npm:7.0.2"
  dependencies:
    which: ^4.0.0
  checksum: 728256506ecbafb53064036e28c2815b9a9e9190ba7a48eec77b011a9f8a899515a6d96760dbde960bc1d3e5b828fd0b0b7fe3b512efaf049d299bacbd732fda
  languageName: node
  linkType: hard

"@npmcli/run-script@npm:8.1.0":
  version: 8.1.0
  resolution: "@npmcli/run-script@npm:8.1.0"
  dependencies:
    "@npmcli/node-gyp": ^3.0.0
    "@npmcli/package-json": ^5.0.0
    "@npmcli/promise-spawn": ^7.0.0
    node-gyp: ^10.0.0
    proc-log: ^4.0.0
    which: ^4.0.0
  checksum: 21adfb308b9064041d6d2f7f0d53924be0e1466d558de1c9802fab9eb84850bd8e04fdd5695924f331e1a36565461500d912e187909f91c03188cc763a106986
  languageName: node
  linkType: hard

"@pkgjs/parseargs@npm:^0.11.0":
  version: 0.11.0
  resolution: "@pkgjs/parseargs@npm:0.11.0"
  checksum: 6ad6a00fc4f2f2cfc6bff76fb1d88b8ee20bc0601e18ebb01b6d4be583733a860239a521a7fbca73b612e66705078809483549d2b18f370eb346c5155c8e4a0f
  languageName: node
  linkType: hard

"abbrev@npm:^2.0.0":
  version: 2.0.0
  resolution: "abbrev@npm:2.0.0"
  checksum: 0e994ad2aa6575f94670d8a2149afe94465de9cedaaaac364e7fb43a40c3691c980ff74899f682f4ca58fa96b4cbd7421a015d3a6defe43a442117d7821a2f36
  languageName: node
  linkType: hard

"agent-base@npm:^7.1.0, agent-base@npm:^7.1.2":
  version: 7.1.3
  resolution: "agent-base@npm:7.1.3"
  checksum: 87bb7ee54f5ecf0ccbfcba0b07473885c43ecd76cb29a8db17d6137a19d9f9cd443a2a7c5fd8a3f24d58ad8145f9eb49116344a66b107e1aeab82cf2383f4753
  languageName: node
  linkType: hard

"aggregate-error@npm:^3.0.0":
  version: 3.1.0
  resolution: "aggregate-error@npm:3.1.0"
  dependencies:
    clean-stack: ^2.0.0
    indent-string: ^4.0.0
  checksum: 1101a33f21baa27a2fa8e04b698271e64616b886795fd43c31068c07533c7b3facfcaf4e9e0cab3624bd88f729a592f1c901a1a229c9e490eafce411a8644b79
  languageName: node
  linkType: hard

"ansi-regex@npm:^5.0.1":
  version: 5.0.1
  resolution: "ansi-regex@npm:5.0.1"
  checksum: 2aa4bb54caf2d622f1afdad09441695af2a83aa3fe8b8afa581d205e57ed4261c183c4d3877cee25794443fde5876417d859c108078ab788d6af7e4fe52eb66b
  languageName: node
  linkType: hard

"ansi-regex@npm:^6.0.1":
  version: 6.1.0
  resolution: "ansi-regex@npm:6.1.0"
  checksum: 495834a53b0856c02acd40446f7130cb0f8284f4a39afdab20d5dc42b2e198b1196119fe887beed8f9055c4ff2055e3b2f6d4641d0be018cdfb64fedf6fc1aac
  languageName: node
  linkType: hard

"ansi-styles@npm:^4.0.0":
  version: 4.3.0
  resolution: "ansi-styles@npm:4.3.0"
  dependencies:
    color-convert: ^2.0.1
  checksum: 513b44c3b2105dd14cc42a19271e80f386466c4be574bccf60b627432f9198571ebf4ab1e4c3ba17347658f4ee1711c163d574248c0c1cdc2d5917a0ad582ec4
  languageName: node
  linkType: hard

"ansi-styles@npm:^6.1.0":
  version: 6.2.1
  resolution: "ansi-styles@npm:6.2.1"
  checksum: ef940f2f0ced1a6347398da88a91da7930c33ecac3c77b72c5905f8b8fe402c52e6fde304ff5347f616e27a742da3f1dc76de98f6866c69251ad0b07a66776d9
  languageName: node
  linkType: hard

"balanced-match@npm:^1.0.0":
  version: 1.0.2
  resolution: "balanced-match@npm:1.0.2"
  checksum: 9706c088a283058a8a99e0bf91b0a2f75497f185980d9ffa8b304de1d9e58ebda7c72c07ebf01dadedaac5b2907b2c6f566f660d62bd336c3468e960403b9d65
  languageName: node
  linkType: hard

"bin-links@npm:4.0.4":
  version: 4.0.4
  resolution: "bin-links@npm:4.0.4"
  dependencies:
    cmd-shim: ^6.0.0
    npm-normalize-package-bin: ^3.0.0
    read-cmd-shim: ^4.0.0
    write-file-atomic: ^5.0.0
  checksum: 9fca1fddaa3c1c9f7efd6fd7a6d991e3d8f6aaa9de5d0b9355469c2c594d8d06c9b2e0519bb0304202c14ddbe832d27b6d419d55cea4340e2c26116f9190e5c9
  languageName: node
  linkType: hard

"brace-expansion@npm:^2.0.1":
  version: 2.0.1
  resolution: "brace-expansion@npm:2.0.1"
  dependencies:
    balanced-match: ^1.0.0
  checksum: a61e7cd2e8a8505e9f0036b3b6108ba5e926b4b55089eeb5550cd04a471fe216c96d4fe7e4c7f995c728c554ae20ddfc4244cad10aef255e72b62930afd233d1
  languageName: node
  linkType: hard

"cacache@npm:^18.0.0":
  version: 18.0.4
  resolution: "cacache@npm:18.0.4"
  dependencies:
    "@npmcli/fs": ^3.1.0
    fs-minipass: ^3.0.0
    glob: ^10.2.2
    lru-cache: ^10.0.1
    minipass: ^7.0.3
    minipass-collect: ^2.0.1
    minipass-flush: ^1.0.5
    minipass-pipeline: ^1.2.4
    p-map: ^4.0.0
    ssri: ^10.0.0
    tar: ^6.1.11
    unique-filename: ^3.0.0
  checksum: b7422c113b4ec750f33beeca0f426a0024c28e3172f332218f48f963e5b970647fa1ac05679fe5bb448832c51efea9fda4456b9a95c3a1af1105fe6c1833cde2
  languageName: node
  linkType: hard

"chownr@npm:^2.0.0":
  version: 2.0.0
  resolution: "chownr@npm:2.0.0"
  checksum: c57cf9dd0791e2f18a5ee9c1a299ae6e801ff58fee96dc8bfd0dcb4738a6ce58dd252a3605b1c93c6418fe4f9d5093b28ffbf4d66648cb2a9c67eaef9679be2f
  languageName: node
  linkType: hard

"clean-stack@npm:^2.0.0":
  version: 2.2.0
  resolution: "clean-stack@npm:2.2.0"
  checksum: 2ac8cd2b2f5ec986a3c743935ec85b07bc174d5421a5efc8017e1f146a1cf5f781ae962618f416352103b32c9cd7e203276e8c28241bbe946160cab16149fb68
  languageName: node
  linkType: hard

"cliui@npm:^8.0.1":
  version: 8.0.1
  resolution: "cliui@npm:8.0.1"
  dependencies:
    string-width: ^4.2.0
    strip-ansi: ^6.0.1
    wrap-ansi: ^7.0.0
  checksum: 79648b3b0045f2e285b76fb2e24e207c6db44323581e421c3acbd0e86454cba1b37aea976ab50195a49e7384b871e6dfb2247ad7dec53c02454ac6497394cb56
  languageName: node
  linkType: hard

"cmd-shim@npm:^6.0.0":
  version: 6.0.1
  resolution: "cmd-shim@npm:6.0.1"
  checksum: 359006b3a5bb4a0ff161a44ccc18fbba947db748ef0dd12273e476792e316a5edb0945d74bfa1e91cd88ce0511025fde87901eda092c479d83cfcd6734562683
  languageName: node
  linkType: hard

"color-convert@npm:^2.0.1":
  version: 2.0.1
  resolution: "color-convert@npm:2.0.1"
  dependencies:
    color-name: ~1.1.4
  checksum: 79e6bdb9fd479a205c71d89574fccfb22bd9053bd98c6c4d870d65c132e5e904e6034978e55b43d69fcaa7433af2016ee203ce76eeba9cfa554b373e7f7db336
  languageName: node
  linkType: hard

"color-name@npm:~1.1.4":
  version: 1.1.4
  resolution: "color-name@npm:1.1.4"
  checksum: b0445859521eb4021cd0fb0cc1a75cecf67fceecae89b63f62b201cca8d345baf8b952c966862a9d9a2632987d4f6581f0ec8d957dfacece86f0a7919316f610
  languageName: node
  linkType: hard

"cross-spawn@npm:^7.0.6":
  version: 7.0.6
  resolution: "cross-spawn@npm:7.0.6"
  dependencies:
    path-key: ^3.1.0
    shebang-command: ^2.0.0
    which: ^2.0.1
  checksum: 8d306efacaf6f3f60e0224c287664093fa9185680b2d195852ba9a863f85d02dcc737094c6e512175f8ee0161f9b87c73c6826034c2422e39de7d6569cf4503b
  languageName: node
  linkType: hard

"debug@npm:4, debug@npm:^4.3.4":
  version: 4.4.0
  resolution: "debug@npm:4.4.0"
  dependencies:
    ms: ^2.1.3
  peerDependenciesMeta:
    supports-color:
      optional: true
  checksum: fb42df878dd0e22816fc56e1fdca9da73caa85212fbe40c868b1295a6878f9101ae684f4eeef516c13acfc700f5ea07f1136954f43d4cd2d477a811144136479
  languageName: node
  linkType: hard

"eastasianwidth@npm:^0.2.0":
  version: 0.2.0
  resolution: "eastasianwidth@npm:0.2.0"
  checksum: 7d00d7cd8e49b9afa762a813faac332dee781932d6f2c848dc348939c4253f1d4564341b7af1d041853bc3f32c2ef141b58e0a4d9862c17a7f08f68df1e0f1ed
  languageName: node
  linkType: hard

"emoji-regex@npm:^8.0.0":
  version: 8.0.0
  resolution: "emoji-regex@npm:8.0.0"
  checksum: d4c5c39d5a9868b5fa152f00cada8a936868fd3367f33f71be515ecee4c803132d11b31a6222b2571b1e5f7e13890156a94880345594d0ce7e3c9895f560f192
  languageName: node
  linkType: hard

"emoji-regex@npm:^9.2.2":
  version: 9.2.2
  resolution: "emoji-regex@npm:9.2.2"
  checksum: 8487182da74aabd810ac6d6f1994111dfc0e331b01271ae01ec1eb0ad7b5ecc2bbbbd2f053c05cb55a1ac30449527d819bbfbf0e3de1023db308cbcb47f86601
  languageName: node
  linkType: hard

"encoding@npm:^0.1.13":
  version: 0.1.13
  resolution: "encoding@npm:0.1.13"
  dependencies:
    iconv-lite: ^0.6.2
  checksum: bb98632f8ffa823996e508ce6a58ffcf5856330fde839ae42c9e1f436cc3b5cc651d4aeae72222916545428e54fd0f6aa8862fd8d25bdbcc4589f1e3f3715e7f
  languageName: node
  linkType: hard

"env-paths@npm:^2.2.0":
  version: 2.2.1
  resolution: "env-paths@npm:2.2.1"
  checksum: 65b5df55a8bab92229ab2b40dad3b387fad24613263d103a97f91c9fe43ceb21965cd3392b1ccb5d77088021e525c4e0481adb309625d0cb94ade1d1fb8dc17e
  languageName: node
  linkType: hard

"err-code@npm:^2.0.2":
  version: 2.0.3
  resolution: "err-code@npm:2.0.3"
  checksum: 8b7b1be20d2de12d2255c0bc2ca638b7af5171142693299416e6a9339bd7d88fc8d7707d913d78e0993176005405a236b066b45666b27b797252c771156ace54
  languageName: node
  linkType: hard

"escalade@npm:^3.1.1":
  version: 3.1.1
  resolution: "escalade@npm:3.1.1"
  checksum: a3e2a99f07acb74b3ad4989c48ca0c3140f69f923e56d0cba0526240ee470b91010f9d39001f2a4a313841d237ede70a729e92125191ba5d21e74b106800b133
  languageName: node
  linkType: hard

"exponential-backoff@npm:^3.1.1":
  version: 3.1.2
  resolution: "exponential-backoff@npm:3.1.2"
  checksum: 7e191e3dd6edd8c56c88f2c8037c98fbb8034fe48778be53ed8cb30ccef371a061a4e999a469aab939b92f8f12698f3b426d52f4f76b7a20da5f9f98c3cbc862
  languageName: node
  linkType: hard

"foreground-child@npm:^3.1.0":
  version: 3.3.1
  resolution: "foreground-child@npm:3.3.1"
  dependencies:
    cross-spawn: ^7.0.6
    signal-exit: ^4.0.1
  checksum: b2c1a6fc0bf0233d645d9fefdfa999abf37db1b33e5dab172b3cbfb0662b88bfbd2c9e7ab853533d199050ec6b65c03fcf078fc212d26e4990220e98c6930eef
  languageName: node
  linkType: hard

"fs-minipass@npm:^2.0.0":
  version: 2.1.0
  resolution: "fs-minipass@npm:2.1.0"
  dependencies:
    minipass: ^3.0.0
  checksum: 1b8d128dae2ac6cc94230cc5ead341ba3e0efaef82dab46a33d171c044caaa6ca001364178d42069b2809c35a1c3c35079a32107c770e9ffab3901b59af8c8b1
  languageName: node
  linkType: hard

"fs-minipass@npm:^3.0.0":
  version: 3.0.3
  resolution: "fs-minipass@npm:3.0.3"
  dependencies:
    minipass: ^7.0.3
  checksum: 8722a41109130851d979222d3ec88aabaceeaaf8f57b2a8f744ef8bd2d1ce95453b04a61daa0078822bc5cd21e008814f06fe6586f56fef511e71b8d2394d802
  languageName: node
  linkType: hard

"function-bind@npm:^1.1.2":
  version: 1.1.2
  resolution: "function-bind@npm:1.1.2"
  checksum: 2b0ff4ce708d99715ad14a6d1f894e2a83242e4a52ccfcefaee5e40050562e5f6dafc1adbb4ce2d4ab47279a45dc736ab91ea5042d843c3c092820dfe032efb1
  languageName: node
  linkType: hard

"get-caller-file@npm:^2.0.5":
  version: 2.0.5
  resolution: "get-caller-file@npm:2.0.5"
  checksum: b9769a836d2a98c3ee734a88ba712e62703f1df31b94b784762c433c27a386dd6029ff55c2a920c392e33657d80191edbf18c61487e198844844516f843496b9
  languageName: node
  linkType: hard

"glob@npm:^10.2.2, glob@npm:^10.3.10":
  version: 10.4.5
  resolution: "glob@npm:10.4.5"
  dependencies:
    foreground-child: ^3.1.0
    jackspeak: ^3.1.2
    minimatch: ^9.0.4
    minipass: ^7.1.2
    package-json-from-dist: ^1.0.0
    path-scurry: ^1.11.1
  bin:
    glob: dist/esm/bin.mjs
  checksum: 0bc725de5e4862f9f387fd0f2b274baf16850dcd2714502ccf471ee401803997983e2c05590cb65f9675a3c6f2a58e7a53f9e365704108c6ad3cbf1d60934c4a
  languageName: node
  linkType: hard

"graceful-fs@npm:^4.2.6":
  version: 4.2.11
  resolution: "graceful-fs@npm:4.2.11"
  checksum: ac85f94da92d8eb6b7f5a8b20ce65e43d66761c55ce85ac96df6865308390da45a8d3f0296dd3a663de65d30ba497bd46c696cc1e248c72b13d6d567138a4fc7
  languageName: node
  linkType: hard

"hasown@npm:^2.0.2":
  version: 2.0.2
  resolution: "hasown@npm:2.0.2"
  dependencies:
    function-bind: ^1.1.2
  checksum: e8516f776a15149ca6c6ed2ae3110c417a00b62260e222590e54aa367cbcd6ed99122020b37b7fbdf05748df57b265e70095d7bf35a47660587619b15ffb93db
  languageName: node
  linkType: hard

"hosted-git-info@npm:^7.0.0":
  version: 7.0.2
  resolution: "hosted-git-info@npm:7.0.2"
  dependencies:
    lru-cache: ^10.0.1
  checksum: 467cf908a56556417b18e86ae3b8dee03c2360ef1d51e61c4028fe87f6f309b6ff038589c94b5666af207da9d972d5107698906aabeb78aca134641962a5c6f8
  languageName: node
  linkType: hard

"http-cache-semantics@npm:^4.1.1":
  version: 4.1.1
  resolution: "http-cache-semantics@npm:4.1.1"
  checksum: 83ac0bc60b17a3a36f9953e7be55e5c8f41acc61b22583060e8dedc9dd5e3607c823a88d0926f9150e571f90946835c7fe150732801010845c72cd8bbff1a236
  languageName: node
  linkType: hard

"http-proxy-agent@npm:^7.0.0":
  version: 7.0.2
  resolution: "http-proxy-agent@npm:7.0.2"
  dependencies:
    agent-base: ^7.1.0
    debug: ^4.3.4
  checksum: 670858c8f8f3146db5889e1fa117630910101db601fff7d5a8aa637da0abedf68c899f03d3451cac2f83bcc4c3d2dabf339b3aa00ff8080571cceb02c3ce02f3
  languageName: node
  linkType: hard

"https-proxy-agent@npm:^7.0.1":
  version: 7.0.6
  resolution: "https-proxy-agent@npm:7.0.6"
  dependencies:
    agent-base: ^7.1.2
    debug: 4
  checksum: b882377a120aa0544846172e5db021fa8afbf83fea2a897d397bd2ddd8095ab268c24bc462f40a15f2a8c600bf4aa05ce52927f70038d4014e68aefecfa94e8d
  languageName: node
  linkType: hard

"husky@npm:^8.0.3":
  version: 8.0.3
  resolution: "husky@npm:8.0.3"
  bin:
    husky: lib/bin.js
  checksum: 837bc7e4413e58c1f2946d38fb050f5d7324c6f16b0fd66411ffce5703b294bd21429e8ba58711cd331951ee86ed529c5be4f76805959ff668a337dbfa82a1b0
  languageName: node
  linkType: hard

"iconv-lite@npm:^0.6.2":
  version: 0.6.3
  resolution: "iconv-lite@npm:0.6.3"
  dependencies:
    safer-buffer: ">= 2.1.2 < 3.0.0"
  checksum: 3f60d47a5c8fc3313317edfd29a00a692cc87a19cac0159e2ce711d0ebc9019064108323b5e493625e25594f11c6236647d8e256fbe7a58f4a3b33b89e6d30bf
  languageName: node
  linkType: hard

"imurmurhash@npm:^0.1.4":
  version: 0.1.4
  resolution: "imurmurhash@npm:0.1.4"
  checksum: 7cae75c8cd9a50f57dadd77482359f659eaebac0319dd9368bcd1714f55e65badd6929ca58569da2b6494ef13fdd5598cd700b1eba23f8b79c5f19d195a3ecf7
  languageName: node
  linkType: hard

"indent-string@npm:^4.0.0":
  version: 4.0.0
  resolution: "indent-string@npm:4.0.0"
  checksum: 824cfb9929d031dabf059bebfe08cf3137365e112019086ed3dcff6a0a7b698cb80cf67ccccde0e25b9e2d7527aa6cc1fed1ac490c752162496caba3e6699612
  languageName: node
  linkType: hard

"ini@npm:^4.1.3":
  version: 4.1.3
  resolution: "ini@npm:4.1.3"
  checksum: 004b2be42388877c58add606149f1a0c7985c90a0ba5dbf45a4738fdc70b0798d922caecaa54617029626505898ac451ff0537a08b949836b49d3267f66542c9
  languageName: node
  linkType: hard

"ip-address@npm:^9.0.5":
  version: 9.0.5
  resolution: "ip-address@npm:9.0.5"
  dependencies:
    jsbn: 1.1.0
    sprintf-js: ^1.1.3
  checksum: aa15f12cfd0ef5e38349744e3654bae649a34c3b10c77a674a167e99925d1549486c5b14730eebce9fea26f6db9d5e42097b00aa4f9f612e68c79121c71652dc
  languageName: node
  linkType: hard

"is-core-module@npm:^2.16.0":
  version: 2.16.1
  resolution: "is-core-module@npm:2.16.1"
  dependencies:
    hasown: ^2.0.2
  checksum: 6ec5b3c42d9cbf1ac23f164b16b8a140c3cec338bf8f884c076ca89950c7cc04c33e78f02b8cae7ff4751f3247e3174b2330f1fe4de194c7210deb8b1ea316a7
  languageName: node
  linkType: hard

"is-fullwidth-code-point@npm:^3.0.0":
  version: 3.0.0
  resolution: "is-fullwidth-code-point@npm:3.0.0"
  checksum: 44a30c29457c7fb8f00297bce733f0a64cd22eca270f83e58c105e0d015e45c019491a4ab2faef91ab51d4738c670daff901c799f6a700e27f7314029e99e348
  languageName: node
  linkType: hard

"is-lambda@npm:^1.0.1":
  version: 1.0.1
  resolution: "is-lambda@npm:1.0.1"
  checksum: 93a32f01940220532e5948538699ad610d5924ac86093fcee83022252b363eb0cc99ba53ab084a04e4fb62bf7b5731f55496257a4c38adf87af9c4d352c71c35
  languageName: node
  linkType: hard

"isexe@npm:^2.0.0":
  version: 2.0.0
  resolution: "isexe@npm:2.0.0"
  checksum: 26bf6c5480dda5161c820c5b5c751ae1e766c587b1f951ea3fcfc973bafb7831ae5b54a31a69bd670220e42e99ec154475025a468eae58ea262f813fdc8d1c62
  languageName: node
  linkType: hard

"isexe@npm:^3.1.1":
  version: 3.1.1
  resolution: "isexe@npm:3.1.1"
  checksum: 7fe1931ee4e88eb5aa524cd3ceb8c882537bc3a81b02e438b240e47012eef49c86904d0f0e593ea7c3a9996d18d0f1f3be8d3eaa92333977b0c3a9d353d5563e
  languageName: node
  linkType: hard

"jackspeak@npm:^3.1.2":
  version: 3.4.3
  resolution: "jackspeak@npm:3.4.3"
  dependencies:
    "@isaacs/cliui": ^8.0.2
    "@pkgjs/parseargs": ^0.11.0
  dependenciesMeta:
    "@pkgjs/parseargs":
      optional: true
  checksum: be31027fc72e7cc726206b9f560395604b82e0fddb46c4cbf9f97d049bcef607491a5afc0699612eaa4213ca5be8fd3e1e7cd187b3040988b65c9489838a7c00
  languageName: node
  linkType: hard

"jsbn@npm:1.1.0":
  version: 1.1.0
  resolution: "jsbn@npm:1.1.0"
  checksum: 944f924f2bd67ad533b3850eee47603eed0f6ae425fd1ee8c760f477e8c34a05f144c1bd4f5a5dd1963141dc79a2c55f89ccc5ab77d039e7077f3ad196b64965
  languageName: node
  linkType: hard

"json-parse-even-better-errors@npm:^3.0.0":
  version: 3.0.2
  resolution: "json-parse-even-better-errors@npm:3.0.2"
  checksum: 6f04ea6c9ccb783630a59297959247e921cc90b917b8351197ca7fd058fccc7079268fd9362be21ba876fc26aa5039369dd0a2280aae49aae425784794a94927
  languageName: node
  linkType: hard

"lru-cache@npm:^10.0.1, lru-cache@npm:^10.2.0":
  version: 10.4.3
  resolution: "lru-cache@npm:10.4.3"
  checksum: 6476138d2125387a6d20f100608c2583d415a4f64a0fecf30c9e2dda976614f09cad4baa0842447bd37dd459a7bd27f57d9d8f8ce558805abd487c583f3d774a
  languageName: node
  linkType: hard

"make-fetch-happen@npm:^13.0.0":
  version: 13.0.1
  resolution: "make-fetch-happen@npm:13.0.1"
  dependencies:
    "@npmcli/agent": ^2.0.0
    cacache: ^18.0.0
    http-cache-semantics: ^4.1.1
    is-lambda: ^1.0.1
    minipass: ^7.0.2
    minipass-fetch: ^3.0.0
    minipass-flush: ^1.0.5
    minipass-pipeline: ^1.2.4
    negotiator: ^0.6.3
    proc-log: ^4.2.0
    promise-retry: ^2.0.1
    ssri: ^10.0.0
  checksum: 5c9fad695579b79488fa100da05777213dd9365222f85e4757630f8dd2a21a79ddd3206c78cfd6f9b37346819681782b67900ac847a57cf04190f52dda5343fd
  languageName: node
  linkType: hard

"minimatch@npm:^9.0.4":
  version: 9.0.5
  resolution: "minimatch@npm:9.0.5"
  dependencies:
    brace-expansion: ^2.0.1
  checksum: 2c035575eda1e50623c731ec6c14f65a85296268f749b9337005210bb2b34e2705f8ef1a358b188f69892286ab99dc42c8fb98a57bde55c8d81b3023c19cea28
  languageName: node
  linkType: hard

"minipass-collect@npm:^2.0.1":
  version: 2.0.1
  resolution: "minipass-collect@npm:2.0.1"
  dependencies:
    minipass: ^7.0.3
  checksum: b251bceea62090f67a6cced7a446a36f4cd61ee2d5cea9aee7fff79ba8030e416327a1c5aa2908dc22629d06214b46d88fdab8c51ac76bacbf5703851b5ad342
  languageName: node
  linkType: hard

"minipass-fetch@npm:^3.0.0":
  version: 3.0.5
  resolution: "minipass-fetch@npm:3.0.5"
  dependencies:
    encoding: ^0.1.13
    minipass: ^7.0.3
    minipass-sized: ^1.0.3
    minizlib: ^2.1.2
  dependenciesMeta:
    encoding:
      optional: true
  checksum: 8047d273236157aab27ab7cd8eab7ea79e6ecd63e8f80c3366ec076cb9a0fed550a6935bab51764369027c414647fd8256c2a20c5445fb250c483de43350de83
  languageName: node
  linkType: hard

"minipass-flush@npm:^1.0.5":
  version: 1.0.5
  resolution: "minipass-flush@npm:1.0.5"
  dependencies:
    minipass: ^3.0.0
  checksum: 56269a0b22bad756a08a94b1ffc36b7c9c5de0735a4dd1ab2b06c066d795cfd1f0ac44a0fcae13eece5589b908ecddc867f04c745c7009be0b566421ea0944cf
  languageName: node
  linkType: hard

"minipass-pipeline@npm:^1.2.4":
  version: 1.2.4
  resolution: "minipass-pipeline@npm:1.2.4"
  dependencies:
    minipass: ^3.0.0
  checksum: b14240dac0d29823c3d5911c286069e36d0b81173d7bdf07a7e4a91ecdef92cdff4baaf31ea3746f1c61e0957f652e641223970870e2353593f382112257971b
  languageName: node
  linkType: hard

"minipass-sized@npm:^1.0.3":
  version: 1.0.3
  resolution: "minipass-sized@npm:1.0.3"
  dependencies:
    minipass: ^3.0.0
  checksum: 79076749fcacf21b5d16dd596d32c3b6bf4d6e62abb43868fac21674078505c8b15eaca4e47ed844985a4514854f917d78f588fcd029693709417d8f98b2bd60
  languageName: node
  linkType: hard

"minipass@npm:^3.0.0":
  version: 3.3.6
  resolution: "minipass@npm:3.3.6"
  dependencies:
    yallist: ^4.0.0
  checksum: a30d083c8054cee83cdcdc97f97e4641a3f58ae743970457b1489ce38ee1167b3aaf7d815cd39ec7a99b9c40397fd4f686e83750e73e652b21cb516f6d845e48
  languageName: node
  linkType: hard

"minipass@npm:^5.0.0":
  version: 5.0.0
  resolution: "minipass@npm:5.0.0"
  checksum: 425dab288738853fded43da3314a0b5c035844d6f3097a8e3b5b29b328da8f3c1af6fc70618b32c29ff906284cf6406b6841376f21caaadd0793c1d5a6a620ea
  languageName: node
  linkType: hard

"minipass@npm:^5.0.0 || ^6.0.2 || ^7.0.0, minipass@npm:^7.0.2, minipass@npm:^7.0.3, minipass@npm:^7.1.2":
  version: 7.1.2
  resolution: "minipass@npm:7.1.2"
  checksum: 2bfd325b95c555f2b4d2814d49325691c7bee937d753814861b0b49d5edcda55cbbf22b6b6a60bb91eddac8668771f03c5ff647dcd9d0f798e9548b9cdc46ee3
  languageName: node
  linkType: hard

"minizlib@npm:^2.1.1, minizlib@npm:^2.1.2":
  version: 2.1.2
  resolution: "minizlib@npm:2.1.2"
  dependencies:
    minipass: ^3.0.0
    yallist: ^4.0.0
  checksum: f1fdeac0b07cf8f30fcf12f4b586795b97be856edea22b5e9072707be51fc95d41487faec3f265b42973a304fe3a64acd91a44a3826a963e37b37bafde0212c3
  languageName: node
  linkType: hard

"mkdirp@npm:^1.0.3":
  version: 1.0.4
  resolution: "mkdirp@npm:1.0.4"
  bin:
    mkdirp: bin/cmd.js
  checksum: a96865108c6c3b1b8e1d5e9f11843de1e077e57737602de1b82030815f311be11f96f09cce59bd5b903d0b29834733e5313f9301e3ed6d6f6fba2eae0df4298f
  languageName: node
  linkType: hard

"ms@npm:^2.1.3":
  version: 2.1.3
  resolution: "ms@npm:2.1.3"
  checksum: aa92de608021b242401676e35cfa5aa42dd70cbdc082b916da7fb925c542173e36bce97ea3e804923fe92c0ad991434e4a38327e15a1b5b5f945d66df615ae6d
  languageName: node
  linkType: hard

"negotiator@npm:^0.6.3":
  version: 0.6.4
  resolution: "negotiator@npm:0.6.4"
  checksum: 7ded10aa02a0707d1d12a9973fdb5954f98547ca7beb60e31cb3a403cc6e8f11138db7a3b0128425cf836fc85d145ec4ce983b2bdf83dca436af879c2d683510
  languageName: node
  linkType: hard

"node-gyp@npm:^10.0.0":
  version: 10.3.1
  resolution: "node-gyp@npm:10.3.1"
  dependencies:
    env-paths: ^2.2.0
    exponential-backoff: ^3.1.1
    glob: ^10.3.10
    graceful-fs: ^4.2.6
    make-fetch-happen: ^13.0.0
    nopt: ^7.0.0
    proc-log: ^4.1.0
    semver: ^7.3.5
    tar: ^6.2.1
    which: ^4.0.0
  bin:
    node-gyp: bin/node-gyp.js
  checksum: 91b0690ab504fe051ad66863226dc5ecac72b8471f85e8428e4d5ca3217d3a2adfffae48cd555e8d009a4164689fff558b88d2bc9bfd246452a3336ab308cf99
  languageName: node
  linkType: hard

"nopt@npm:^7.0.0":
  version: 7.2.1
  resolution: "nopt@npm:7.2.1"
  dependencies:
    abbrev: ^2.0.0
  bin:
    nopt: bin/nopt.js
  checksum: 6fa729cc77ce4162cfad8abbc9ba31d4a0ff6850c3af61d59b505653bef4781ec059f8890ecfe93ee8aa0c511093369cca88bfc998101616a2904e715bbbb7c9
  languageName: node
  linkType: hard

"normalize-package-data@npm:^6.0.0":
  version: 6.0.2
  resolution: "normalize-package-data@npm:6.0.2"
  dependencies:
    hosted-git-info: ^7.0.0
    semver: ^7.3.5
    validate-npm-package-license: ^3.0.4
  checksum: ea35f8de68e03fc845f545c8197857c0cd256207fdb809ca63c2b39fe76ae77765ee939eb21811fb6c3b533296abf49ebe3cd617064f98a775adaccb24ff2e03
  languageName: node
  linkType: hard

"npm-install-checks@npm:^6.0.0":
  version: 6.3.0
  resolution: "npm-install-checks@npm:6.3.0"
  dependencies:
    semver: ^7.1.1
  checksum: 6c20dadb878a0d2f1f777405217b6b63af1299d0b43e556af9363ee6eefaa98a17dfb7b612a473a473e96faf7e789c58b221e0d8ffdc1d34903c4f71618df3b4
  languageName: node
  linkType: hard

"npm-normalize-package-bin@npm:3.0.1":
  version: 3.0.1
  resolution: "npm-normalize-package-bin@npm:3.0.1"
  checksum: de416d720ab22137a36292ff8a333af499ea0933ef2320a8c6f56a73b0f0448227fec4db5c890d702e26d21d04f271415eab6580b5546456861cc0c19498a4bf
  languageName: node
  linkType: hard

"npm-normalize-package-bin@npm:^3.0.0":
  version: 3.0.0
  resolution: "npm-normalize-package-bin@npm:3.0.0"
  checksum: 6a34886c150b0f5302aad52a9446e5c939aa14eeb462323e75681517b36c6b9eaef83e1f5bc2d7e5154b3b752cbce81bed05e290db3f1f7edf857cbb895e35c0
  languageName: node
  linkType: hard

"npm-package-arg@npm:^11.0.0":
  version: 11.0.3
  resolution: "npm-package-arg@npm:11.0.3"
  dependencies:
    hosted-git-info: ^7.0.0
    proc-log: ^4.0.0
    semver: ^7.3.5
    validate-npm-package-name: ^5.0.0
  checksum: cc6f22c39201aa14dcceeddb81bfbf7fa0484f94bcd2b3ad038e18afec5167c843cdde90c897f6034dc368faa0100c1eeee6e3f436a89e0af32ba932af4a8c28
  languageName: node
  linkType: hard

"npm-pick-manifest@npm:^9.0.0":
  version: 9.1.0
  resolution: "npm-pick-manifest@npm:9.1.0"
  dependencies:
    npm-install-checks: ^6.0.0
    npm-normalize-package-bin: ^3.0.0
    npm-package-arg: ^11.0.0
    semver: ^7.3.5
  checksum: cbaad1e1420869efa851e8ba5d725263f679779e15bfca3713ec3ee1e897efab254e75c5445f442ffc96453cdfb15d362d25b0c0fcb03b156fe1653f9220cc40
  languageName: node
  linkType: hard

"p-map@npm:^4.0.0":
  version: 4.0.0
  resolution: "p-map@npm:4.0.0"
  dependencies:
    aggregate-error: ^3.0.0
  checksum: cb0ab21ec0f32ddffd31dfc250e3afa61e103ef43d957cc45497afe37513634589316de4eb88abdfd969fe6410c22c0b93ab24328833b8eb1ccc087fc0442a1c
  languageName: node
  linkType: hard

"package-json-from-dist@npm:^1.0.0":
  version: 1.0.1
  resolution: "package-json-from-dist@npm:1.0.1"
  checksum: 58ee9538f2f762988433da00e26acc788036914d57c71c246bf0be1b60cdbd77dd60b6a3e1a30465f0b248aeb80079e0b34cb6050b1dfa18c06953bb1cbc7602
  languageName: node
  linkType: hard

"path-key@npm:^3.1.0":
  version: 3.1.1
  resolution: "path-key@npm:3.1.1"
  checksum: 55cd7a9dd4b343412a8386a743f9c746ef196e57c823d90ca3ab917f90ab9f13dd0ded27252ba49dbdfcab2b091d998bc446f6220cd3cea65db407502a740020
  languageName: node
  linkType: hard

"path-parse@npm:^1.0.7":
  version: 1.0.7
  resolution: "path-parse@npm:1.0.7"
  checksum: 49abf3d81115642938a8700ec580da6e830dde670be21893c62f4e10bd7dd4c3742ddc603fe24f898cba7eb0c6bc1777f8d9ac14185d34540c6d4d80cd9cae8a
  languageName: node
  linkType: hard

"path-scurry@npm:^1.11.1":
  version: 1.11.1
  resolution: "path-scurry@npm:1.11.1"
  dependencies:
    lru-cache: ^10.2.0
    minipass: ^5.0.0 || ^6.0.2 || ^7.0.0
  checksum: 890d5abcd593a7912dcce7cf7c6bf7a0b5648e3dee6caf0712c126ca0a65c7f3d7b9d769072a4d1baf370f61ce493ab5b038d59988688e0c5f3f646ee3c69023
  languageName: node
  linkType: hard

"proc-log@npm:^4.0.0, proc-log@npm:^4.1.0, proc-log@npm:^4.2.0":
  version: 4.2.0
  resolution: "proc-log@npm:4.2.0"
  checksum: 98f6cd012d54b5334144c5255ecb941ee171744f45fca8b43b58ae5a0c1af07352475f481cadd9848e7f0250376ee584f6aa0951a856ff8f021bdfbff4eb33fc
  languageName: node
  linkType: hard

"promise-inflight@npm:^1.0.1":
  version: 1.0.1
  resolution: "promise-inflight@npm:1.0.1"
  checksum: 22749483091d2c594261517f4f80e05226d4d5ecc1fc917e1886929da56e22b5718b7f2a75f3807e7a7d471bc3be2907fe92e6e8f373ddf5c64bae35b5af3981
  languageName: node
  linkType: hard

"promise-retry@npm:^2.0.1":
  version: 2.0.1
  resolution: "promise-retry@npm:2.0.1"
  dependencies:
    err-code: ^2.0.2
    retry: ^0.12.0
  checksum: f96a3f6d90b92b568a26f71e966cbbc0f63ab85ea6ff6c81284dc869b41510e6cdef99b6b65f9030f0db422bf7c96652a3fff9f2e8fb4a0f069d8f4430359429
  languageName: node
  linkType: hard

"read-cmd-shim@npm:^4.0.0":
  version: 4.0.0
  resolution: "read-cmd-shim@npm:4.0.0"
  checksum: 2fb5a8a38984088476f559b17c6a73324a5db4e77e210ae0aab6270480fd85c355fc990d1c79102e25e555a8201606ed12844d6e3cd9f35d6a1518791184e05b
  languageName: node
  linkType: hard

"require-directory@npm:^2.1.1":
  version: 2.1.1
  resolution: "require-directory@npm:2.1.1"
  checksum: fb47e70bf0001fdeabdc0429d431863e9475e7e43ea5f94ad86503d918423c1543361cc5166d713eaa7029dd7a3d34775af04764bebff99ef413111a5af18c80
  languageName: node
  linkType: hard

"resolve@npm:1.22.10":
  version: 1.22.10
  resolution: "resolve@npm:1.22.10"
  dependencies:
    is-core-module: ^2.16.0
    path-parse: ^1.0.7
    supports-preserve-symlinks-flag: ^1.0.0
  bin:
    resolve: bin/resolve
  checksum: ab7a32ff4046fcd7c6fdd525b24a7527847d03c3650c733b909b01b757f92eb23510afa9cc3e9bf3f26a3e073b48c88c706dfd4c1d2fb4a16a96b73b6328ddcf
  languageName: node
  linkType: hard

"resolve@patch:resolve@1.22.10#~builtin<compat/resolve>":
  version: 1.22.10
  resolution: "resolve@patch:resolve@npm%3A1.22.10#~builtin<compat/resolve>::version=1.22.10&hash=c3c19d"
  dependencies:
    is-core-module: ^2.16.0
    path-parse: ^1.0.7
    supports-preserve-symlinks-flag: ^1.0.0
  bin:
    resolve: bin/resolve
  checksum: 8aac1e4e4628bd00bf4b94b23de137dd3fe44097a8d528fd66db74484be929936e20c696e1a3edf4488f37e14180b73df6f600992baea3e089e8674291f16c9d
  languageName: node
  linkType: hard

"retry@npm:^0.12.0":
  version: 0.12.0
  resolution: "retry@npm:0.12.0"
  checksum: 623bd7d2e5119467ba66202d733ec3c2e2e26568074923bc0585b6b99db14f357e79bdedb63cab56cec47491c4a0da7e6021a7465ca6dc4f481d3898fdd3158c
  languageName: node
  linkType: hard

"safer-buffer@npm:>= 2.1.2 < 3.0.0":
  version: 2.1.2
  resolution: "safer-buffer@npm:2.1.2"
  checksum: cab8f25ae6f1434abee8d80023d7e72b598cf1327164ddab31003c51215526801e40b66c5e65d658a0af1e9d6478cadcb4c745f4bd6751f97d8644786c0978b0
  languageName: node
  linkType: hard

"semver@npm:^7.1.1, semver@npm:^7.3.5, semver@npm:^7.5.3":
  version: 7.7.1
  resolution: "semver@npm:7.7.1"
  bin:
    semver: bin/semver.js
  checksum: 586b825d36874007c9382d9e1ad8f93888d8670040add24a28e06a910aeebd673a2eb9e3bf169c6679d9245e66efb9057e0852e70d9daa6c27372aab1dda7104
  languageName: node
  linkType: hard

"shebang-command@npm:^2.0.0":
  version: 2.0.0
  resolution: "shebang-command@npm:2.0.0"
  dependencies:
    shebang-regex: ^3.0.0
  checksum: 6b52fe87271c12968f6a054e60f6bde5f0f3d2db483a1e5c3e12d657c488a15474121a1d55cd958f6df026a54374ec38a4a963988c213b7570e1d51575cea7fa
  languageName: node
  linkType: hard

"shebang-regex@npm:^3.0.0":
  version: 3.0.0
  resolution: "shebang-regex@npm:3.0.0"
  checksum: 1a2bcae50de99034fcd92ad4212d8e01eedf52c7ec7830eedcf886622804fe36884278f2be8be0ea5fde3fd1c23911643a4e0f726c8685b61871c8908af01222
  languageName: node
  linkType: hard

"signal-exit@npm:^3.0.7":
  version: 3.0.7
  resolution: "signal-exit@npm:3.0.7"
  checksum: a2f098f247adc367dffc27845853e9959b9e88b01cb301658cfe4194352d8d2bb32e18467c786a7fe15f1d44b233ea35633d076d5e737870b7139949d1ab6318
  languageName: node
  linkType: hard

"signal-exit@npm:^4.0.1":
  version: 4.1.0
  resolution: "signal-exit@npm:4.1.0"
  checksum: 64c757b498cb8629ffa5f75485340594d2f8189e9b08700e69199069c8e3070fb3e255f7ab873c05dc0b3cec412aea7402e10a5990cb6a050bd33ba062a6c549
  languageName: node
  linkType: hard

"smart-buffer@npm:^4.2.0":
  version: 4.2.0
  resolution: "smart-buffer@npm:4.2.0"
  checksum: b5167a7142c1da704c0e3af85c402002b597081dd9575031a90b4f229ca5678e9a36e8a374f1814c8156a725d17008ae3bde63b92f9cfd132526379e580bec8b
  languageName: node
  linkType: hard

"socks-proxy-agent@npm:^8.0.3":
  version: 8.0.5
  resolution: "socks-proxy-agent@npm:8.0.5"
  dependencies:
    agent-base: ^7.1.2
    debug: ^4.3.4
    socks: ^2.8.3
  checksum: b4fbcdb7ad2d6eec445926e255a1fb95c975db0020543fbac8dfa6c47aecc6b3b619b7fb9c60a3f82c9b2969912a5e7e174a056ae4d98cb5322f3524d6036e1d
  languageName: node
  linkType: hard

"socks@npm:^2.8.3":
  version: 2.8.4
  resolution: "socks@npm:2.8.4"
  dependencies:
    ip-address: ^9.0.5
    smart-buffer: ^4.2.0
  checksum: cd1edc924475d5dfde534adf66038df7e62c7343e6b8c0113e52dc9bb6a0a10e25b2f136197f379d695f18e8f0f2b7f6e42977bf720ddbee912a851201c396ad
  languageName: node
  linkType: hard

"spdx-correct@npm:^3.0.0":
  version: 3.2.0
  resolution: "spdx-correct@npm:3.2.0"
  dependencies:
    spdx-expression-parse: ^3.0.0
    spdx-license-ids: ^3.0.0
  checksum: e9ae98d22f69c88e7aff5b8778dc01c361ef635580e82d29e5c60a6533cc8f4d820803e67d7432581af0cc4fb49973125076ee3b90df191d153e223c004193b2
  languageName: node
  linkType: hard

"spdx-exceptions@npm:^2.1.0":
  version: 2.5.0
  resolution: "spdx-exceptions@npm:2.5.0"
  checksum: bb127d6e2532de65b912f7c99fc66097cdea7d64c10d3ec9b5e96524dbbd7d20e01cba818a6ddb2ae75e62bb0c63d5e277a7e555a85cbc8ab40044984fa4ae15
  languageName: node
  linkType: hard

"spdx-expression-parse@npm:^3.0.0":
  version: 3.0.1
  resolution: "spdx-expression-parse@npm:3.0.1"
  dependencies:
    spdx-exceptions: ^2.1.0
    spdx-license-ids: ^3.0.0
  checksum: a1c6e104a2cbada7a593eaa9f430bd5e148ef5290d4c0409899855ce8b1c39652bcc88a725259491a82601159d6dc790bedefc9016c7472f7de8de7361f8ccde
  languageName: node
  linkType: hard

"spdx-license-ids@npm:^3.0.0":
  version: 3.0.21
  resolution: "spdx-license-ids@npm:3.0.21"
  checksum: 681dfe26d250f48cc725c9118adf1eb0a175e3c298cd8553c039bfae37ed21bea30a27bc02dbb99b4a0d3a25c644c5dda952090e11ef4b3093f6ec7db4b93b58
  languageName: node
  linkType: hard

"sprintf-js@npm:^1.1.3":
  version: 1.1.3
  resolution: "sprintf-js@npm:1.1.3"
  checksum: a3fdac7b49643875b70864a9d9b469d87a40dfeaf5d34d9d0c5b1cda5fd7d065531fcb43c76357d62254c57184a7b151954156563a4d6a747015cfb41021cad0
  languageName: node
  linkType: hard

"ssri@npm:^10.0.0":
  version: 10.0.6
  resolution: "ssri@npm:10.0.6"
  dependencies:
    minipass: ^7.0.3
  checksum: 4603d53a05bcd44188747d38f1cc43833b9951b5a1ee43ba50535bdfc5fe4a0897472dbe69837570a5417c3c073377ef4f8c1a272683b401857f72738ee57299
  languageName: node
  linkType: hard

"string-width-cjs@npm:string-width@^4.2.0, string-width@npm:^4.1.0, string-width@npm:^4.2.0, string-width@npm:^4.2.3":
  version: 4.2.3
  resolution: "string-width@npm:4.2.3"
  dependencies:
    emoji-regex: ^8.0.0
    is-fullwidth-code-point: ^3.0.0
    strip-ansi: ^6.0.1
  checksum: e52c10dc3fbfcd6c3a15f159f54a90024241d0f149cf8aed2982a2d801d2e64df0bf1dc351cf8e95c3319323f9f220c16e740b06faecd53e2462df1d2b5443fb
  languageName: node
  linkType: hard

"string-width@npm:^5.0.1, string-width@npm:^5.1.2":
  version: 5.1.2
  resolution: "string-width@npm:5.1.2"
  dependencies:
    eastasianwidth: ^0.2.0
    emoji-regex: ^9.2.2
    strip-ansi: ^7.0.1
  checksum: 7369deaa29f21dda9a438686154b62c2c5f661f8dda60449088f9f980196f7908fc39fdd1803e3e01541970287cf5deae336798337e9319a7055af89dafa7193
  languageName: node
  linkType: hard

"strip-ansi-cjs@npm:strip-ansi@^6.0.1, strip-ansi@npm:^6.0.0, strip-ansi@npm:^6.0.1":
  version: 6.0.1
  resolution: "strip-ansi@npm:6.0.1"
  dependencies:
    ansi-regex: ^5.0.1
  checksum: f3cd25890aef3ba6e1a74e20896c21a46f482e93df4a06567cebf2b57edabb15133f1f94e57434e0a958d61186087b1008e89c94875d019910a213181a14fc8c
  languageName: node
  linkType: hard

"strip-ansi@npm:^7.0.1":
  version: 7.1.0
  resolution: "strip-ansi@npm:7.1.0"
  dependencies:
    ansi-regex: ^6.0.1
  checksum: 859c73fcf27869c22a4e4d8c6acfe690064659e84bef9458aa6d13719d09ca88dcfd40cbf31fd0be63518ea1a643fe070b4827d353e09533a5b0b9fd4553d64d
  languageName: node
  linkType: hard

"super_diff@workspace:.":
  version: 0.0.0-use.local
  resolution: "super_diff@workspace:."
  dependencies:
    "@lavamoat/allow-scripts": ^3.3.2
    husky: ^8.0.3
  languageName: unknown
  linkType: soft

"supports-preserve-symlinks-flag@npm:^1.0.0":
  version: 1.0.0
  resolution: "supports-preserve-symlinks-flag@npm:1.0.0"
  checksum: 53b1e247e68e05db7b3808b99b892bd36fb096e6fba213a06da7fab22045e97597db425c724f2bbd6c99a3c295e1e73f3e4de78592289f38431049e1277ca0ae
  languageName: node
  linkType: hard

"tar@npm:^6.1.11, tar@npm:^6.2.1":
  version: 6.2.1
  resolution: "tar@npm:6.2.1"
  dependencies:
    chownr: ^2.0.0
    fs-minipass: ^2.0.0
    minipass: ^5.0.0
    minizlib: ^2.1.1
    mkdirp: ^1.0.3
    yallist: ^4.0.0
  checksum: f1322768c9741a25356c11373bce918483f40fa9a25c69c59410c8a1247632487edef5fe76c5f12ac51a6356d2f1829e96d2bc34098668a2fc34d76050ac2b6c
  languageName: node
  linkType: hard

"type-fest@npm:4.30.0":
  version: 4.30.0
  resolution: "type-fest@npm:4.30.0"
  checksum: 2ce3b08265acbdf864267e1468cdcc8dbfa4e86c2fd5e4622a20a83358b5e21fcb49a41beada95d29d8ff1ed8aacb27d10ec0b7623d546f9399b529a153724b0
  languageName: node
  linkType: hard

"unique-filename@npm:^3.0.0":
  version: 3.0.0
  resolution: "unique-filename@npm:3.0.0"
  dependencies:
    unique-slug: ^4.0.0
  checksum: 8e2f59b356cb2e54aab14ff98a51ac6c45781d15ceaab6d4f1c2228b780193dc70fae4463ce9e1df4479cb9d3304d7c2043a3fb905bdeca71cc7e8ce27e063df
  languageName: node
  linkType: hard

"unique-slug@npm:^4.0.0":
  version: 4.0.0
  resolution: "unique-slug@npm:4.0.0"
  dependencies:
    imurmurhash: ^0.1.4
  checksum: 0884b58365af59f89739e6f71e3feacb5b1b41f2df2d842d0757933620e6de08eff347d27e9d499b43c40476cbaf7988638d3acb2ffbcb9d35fd035591adfd15
  languageName: node
  linkType: hard

"validate-npm-package-license@npm:^3.0.4":
  version: 3.0.4
  resolution: "validate-npm-package-license@npm:3.0.4"
  dependencies:
    spdx-correct: ^3.0.0
    spdx-expression-parse: ^3.0.0
  checksum: 35703ac889d419cf2aceef63daeadbe4e77227c39ab6287eeb6c1b36a746b364f50ba22e88591f5d017bc54685d8137bc2d328d0a896e4d3fd22093c0f32a9ad
  languageName: node
  linkType: hard

"validate-npm-package-name@npm:^5.0.0":
  version: 5.0.1
  resolution: "validate-npm-package-name@npm:5.0.1"
  checksum: 0d583a1af23aeffea7748742cf22b6802458736fb8b60323ba5949763824d46f796474b0e1b9206beb716f9d75269e19dbd7795d6b038b29d561be95dd827381
  languageName: node
  linkType: hard

"which@npm:^2.0.1":
  version: 2.0.2
  resolution: "which@npm:2.0.2"
  dependencies:
    isexe: ^2.0.0
  bin:
    node-which: ./bin/node-which
  checksum: 1a5c563d3c1b52d5f893c8b61afe11abc3bab4afac492e8da5bde69d550de701cf9806235f20a47b5c8fa8a1d6a9135841de2596535e998027a54589000e66d1
  languageName: node
  linkType: hard

"which@npm:^4.0.0":
  version: 4.0.0
  resolution: "which@npm:4.0.0"
  dependencies:
    isexe: ^3.1.1
  bin:
    node-which: bin/which.js
  checksum: f17e84c042592c21e23c8195108cff18c64050b9efb8459589116999ea9da6dd1509e6a1bac3aeebefd137be00fabbb61b5c2bc0aa0f8526f32b58ee2f545651
  languageName: node
  linkType: hard

"wrap-ansi-cjs@npm:wrap-ansi@^7.0.0, wrap-ansi@npm:^7.0.0":
  version: 7.0.0
  resolution: "wrap-ansi@npm:7.0.0"
  dependencies:
    ansi-styles: ^4.0.0
    string-width: ^4.1.0
    strip-ansi: ^6.0.0
  checksum: a790b846fd4505de962ba728a21aaeda189b8ee1c7568ca5e817d85930e06ef8d1689d49dbf0e881e8ef84436af3a88bc49115c2e2788d841ff1b8b5b51a608b
  languageName: node
  linkType: hard

"wrap-ansi@npm:^8.1.0":
  version: 8.1.0
  resolution: "wrap-ansi@npm:8.1.0"
  dependencies:
    ansi-styles: ^6.1.0
    string-width: ^5.0.1
    strip-ansi: ^7.0.1
  checksum: 371733296dc2d616900ce15a0049dca0ef67597d6394c57347ba334393599e800bab03c41d4d45221b6bc967b8c453ec3ae4749eff3894202d16800fdfe0e238
  languageName: node
  linkType: hard

"write-file-atomic@npm:^5.0.0":
  version: 5.0.0
  resolution: "write-file-atomic@npm:5.0.0"
  dependencies:
    imurmurhash: ^0.1.4
    signal-exit: ^3.0.7
  checksum: 6ee16b195572386cb1c905f9d29808f77f4de2fd063d74a6f1ab6b566363832d8906a493b764ee715e57ab497271d5fc91642a913724960e8e845adf504a9837
  languageName: node
  linkType: hard

"y18n@npm:^5.0.5":
  version: 5.0.8
  resolution: "y18n@npm:5.0.8"
  checksum: 54f0fb95621ee60898a38c572c515659e51cc9d9f787fb109cef6fde4befbe1c4602dc999d30110feee37456ad0f1660fa2edcfde6a9a740f86a290999550d30
  languageName: node
  linkType: hard

"yallist@npm:^4.0.0":
  version: 4.0.0
  resolution: "yallist@npm:4.0.0"
  checksum: 343617202af32df2a15a3be36a5a8c0c8545208f3d3dfbc6bb7c3e3b7e8c6f8e7485432e4f3b88da3031a6e20afa7c711eded32ddfb122896ac5d914e75848d5
  languageName: node
  linkType: hard

"yargs-parser@npm:^21.1.1":
  version: 21.1.1
  resolution: "yargs-parser@npm:21.1.1"
  checksum: ed2d96a616a9e3e1cc7d204c62ecc61f7aaab633dcbfab2c6df50f7f87b393993fe6640d017759fe112d0cb1e0119f2b4150a87305cc873fd90831c6a58ccf1c
  languageName: node
  linkType: hard

"yargs@npm:17.7.2":
  version: 17.7.2
  resolution: "yargs@npm:17.7.2"
  dependencies:
    cliui: ^8.0.1
    escalade: ^3.1.1
    get-caller-file: ^2.0.5
    require-directory: ^2.1.1
    string-width: ^4.2.3
    y18n: ^5.0.5
    yargs-parser: ^21.1.1
  checksum: 73b572e863aa4a8cbef323dd911d79d193b772defd5a51aab0aca2d446655216f5002c42c5306033968193bdbf892a7a4c110b0d77954a7fdf563e653967b56a
  languageName: node
  linkType: hard
