# This file is generated by running "yarn install" inside your project.
# Manual changes might be lost - proceed with caution!

__metadata:
  version: 6
  cacheKey: 8

"@gar/promise-retry@npm:^1.0.0":
  version: 1.0.3
  resolution: "@gar/promise-retry@npm:1.0.3"
  checksum: 0d13ea3bb1025755e055648f6e290d2a7e0c87affaf552218f09f66b3fcd9ea9d5c9cc5fe2aa6e285e1530437768e40f9448fe9a86f4f3417b216dcf488d3d1a
  languageName: node
  linkType: hard

"@isaacs/fs-minipass@npm:^4.0.0":
  version: 4.0.1
  resolution: "@isaacs/fs-minipass@npm:4.0.1"
  dependencies:
    minipass: ^7.0.4
  checksum: 5d36d289960e886484362d9eb6a51d1ea28baed5f5d0140bbe62b99bac52eaf06cc01c2bc0d3575977962f84f6b2c4387b043ee632216643d4787b0999465bf2
  languageName: node
  linkType: hard

"@lavamoat/aa@npm:^4.3.6":
  version: 4.3.6
  resolution: "@lavamoat/aa@npm:4.3.6"
  dependencies:
    resolve: 1.22.10
  bin:
    lavamoat-ls: src/cli.js
  checksum: f9d287a3040dfd307935fc2023d4ef1b09538eb3c294a0c82f68ec84543352ae844394ce1eed86cf6d1f3cff61f0a9be69b4ce819826411a2be365894974597b
  languageName: node
  linkType: hard

"@lavamoat/allow-scripts@npm:^3.4.3":
  version: 3.4.3
  resolution: "@lavamoat/allow-scripts@npm:3.4.3"
  dependencies:
    "@lavamoat/aa": ^4.3.6
    "@npmcli/run-script": 10.0.3
    bin-links: 4.0.4
    npm-normalize-package-bin: 3.0.1
    type-fest: 4.41.0
    yargs: 17.7.2
  bin:
    allow-scripts: src/cli.js
  checksum: 13878da17afe770c47be0d1e5d62317bf824d96857d5e23ba71b867022d85848356fced0ac44426ba5aaed343977af12d9898b14b56bef586f2dbeacfb2d2d56
  languageName: node
  linkType: hard

"@npmcli/agent@npm:^4.0.0":
  version: 4.0.0
  resolution: "@npmcli/agent@npm:4.0.0"
  dependencies:
    agent-base: ^7.1.0
    http-proxy-agent: ^7.0.0
    https-proxy-agent: ^7.0.1
    lru-cache: ^11.2.1
    socks-proxy-agent: ^8.0.3
  checksum: 89ae20b44859ff8d4de56ade319d8ceaa267a0742d6f7345fe98aa5cd8614ced7db85ea4dc5bfbd6614dbb200a10b134e087143582534c939e8a02219e8665c8
  languageName: node
  linkType: hard

"@npmcli/fs@npm:^5.0.0":
  version: 5.0.0
  resolution: "@npmcli/fs@npm:5.0.0"
  dependencies:
    semver: ^7.3.5
  checksum: 897dac32eb37e011800112d406b9ea2ebd96f1dab01bb8fbeb59191b86f6825dffed6a89f3b6c824753d10f8735b76d630927bd7610e9e123b129ef2e5f02cb5
  languageName: node
  linkType: hard

"@npmcli/git@npm:^7.0.0":
  version: 7.0.2
  resolution: "@npmcli/git@npm:7.0.2"
  dependencies:
    "@gar/promise-retry": ^1.0.0
    "@npmcli/promise-spawn": ^9.0.0
    ini: ^6.0.0
    lru-cache: ^11.2.1
    npm-pick-manifest: ^11.0.1
    proc-log: ^6.0.0
    semver: ^7.3.5
    which: ^6.0.0
  checksum: 864dbe22bd2a0871ed9d3351cee57d27c02825d943b66e816fe538044e956cb25d0259d79e7af50bb7f2ffd3c4bffbee9ffd1938521f4200403dee7fb724bfbe
  languageName: node
  linkType: hard

"@npmcli/node-gyp@npm:^5.0.0":
  version: 5.0.0
  resolution: "@npmcli/node-gyp@npm:5.0.0"
  checksum: 6b257d2b220c58ed655c9e267b07daca854a4a0d041f542b6ce16e8bee3bdb5d912beb23b1f8a80f47d68d43f0c0bac214a1f7d48e3d60b8da0ec806d872c48a
  languageName: node
  linkType: hard

"@npmcli/package-json@npm:^7.0.0":
  version: 7.0.5
  resolution: "@npmcli/package-json@npm:7.0.5"
  dependencies:
    "@npmcli/git": ^7.0.0
    glob: ^13.0.0
    hosted-git-info: ^9.0.0
    json-parse-even-better-errors: ^5.0.0
    proc-log: ^6.0.0
    semver: ^7.5.3
    spdx-expression-parse: ^4.0.0
  checksum: 4501ae275dc86aeb28ec9f8470e7f07b21a5b94e8bb72aa034b836b29464db16095d2a6eeb37f960c6d38d2af35caf63e2c94e6594faa0813bc51345f3c30af6
  languageName: node
  linkType: hard

"@npmcli/promise-spawn@npm:^9.0.0":
  version: 9.0.1
  resolution: "@npmcli/promise-spawn@npm:9.0.1"
  dependencies:
    which: ^6.0.0
  checksum: 0b193c58408421b5eb07808efde4a6674a977f7d9ced63b28e90d9a6e238522f1776ed4a9f4b6b5455eb2c497eccf8ab82ea94f3cd41140fceca794763bb3e35
  languageName: node
  linkType: hard

"@npmcli/redact@npm:^4.0.0":
  version: 4.0.0
  resolution: "@npmcli/redact@npm:4.0.0"
  checksum: 4e029c44a8593304bb1aa5a8f1559cb8f37b4dc3880c589ce546da0b8cfa741d16a054db38ee309e81c2120c148ba33edbb3252f97a78b3234ba9ab3fa3e176c
  languageName: node
  linkType: hard

"@npmcli/run-script@npm:10.0.3":
  version: 10.0.3
  resolution: "@npmcli/run-script@npm:10.0.3"
  dependencies:
    "@npmcli/node-gyp": ^5.0.0
    "@npmcli/package-json": ^7.0.0
    "@npmcli/promise-spawn": ^9.0.0
    node-gyp: ^12.1.0
    proc-log: ^6.0.0
    which: ^6.0.0
  checksum: 309c1e3caadd66cbae0f255adf05afde3e49f073e6fd316e0709ba378862ca18737c6ced52444ff2f242683cc41ec8fe26af5571d217c378c0247e1e5f2d2ba8
  languageName: node
  linkType: hard

"abbrev@npm:^4.0.0":
  version: 4.0.0
  resolution: "abbrev@npm:4.0.0"
  checksum: d0344b63d28e763f259b4898c41bdc92c08e9d06d0da5617d0bbe4d78244e46daea88c510a2f9472af59b031d9060ec1a999653144e793fd029a59dae2f56dc8
  languageName: node
  linkType: hard

"agent-base@npm:^7.1.0, agent-base@npm:^7.1.2":
  version: 7.1.3
  resolution: "agent-base@npm:7.1.3"
  checksum: 87bb7ee54f5ecf0ccbfcba0b07473885c43ecd76cb29a8db17d6137a19d9f9cd443a2a7c5fd8a3f24d58ad8145f9eb49116344a66b107e1aeab82cf2383f4753
  languageName: node
  linkType: hard

"ansi-regex@npm:^5.0.1":
  version: 5.0.1
  resolution: "ansi-regex@npm:5.0.1"
  checksum: 2aa4bb54caf2d622f1afdad09441695af2a83aa3fe8b8afa581d205e57ed4261c183c4d3877cee25794443fde5876417d859c108078ab788d6af7e4fe52eb66b
  languageName: node
  linkType: hard

"ansi-styles@npm:^4.0.0":
  version: 4.3.0
  resolution: "ansi-styles@npm:4.3.0"
  dependencies:
    color-convert: ^2.0.1
  checksum: 513b44c3b2105dd14cc42a19271e80f386466c4be574bccf60b627432f9198571ebf4ab1e4c3ba17347658f4ee1711c163d574248c0c1cdc2d5917a0ad582ec4
  languageName: node
  linkType: hard

"balanced-match@npm:^4.0.2":
  version: 4.0.4
  resolution: "balanced-match@npm:4.0.4"
  checksum: fb07bb66a0959c2843fc055838047e2a95ccebb837c519614afb067ebfdf2fa967ca8d712c35ced07f2cd26fc6f07964230b094891315ad74f11eba3d53178a0
  languageName: node
  linkType: hard

"bin-links@npm:4.0.4":
  version: 4.0.4
  resolution: "bin-links@npm:4.0.4"
  dependencies:
    cmd-shim: ^6.0.0
    npm-normalize-package-bin: ^3.0.0
    read-cmd-shim: ^4.0.0
    write-file-atomic: ^5.0.0
  checksum: 9fca1fddaa3c1c9f7efd6fd7a6d991e3d8f6aaa9de5d0b9355469c2c594d8d06c9b2e0519bb0304202c14ddbe832d27b6d419d55cea4340e2c26116f9190e5c9
  languageName: node
  linkType: hard

"brace-expansion@npm:^5.0.2":
  version: 5.0.5
  resolution: "brace-expansion@npm:5.0.5"
  dependencies:
    balanced-match: ^4.0.2
  checksum: 4481b7ffa467b34c14e258167dbd8d9485a2d31d03060e8e8b38142dcde32cdc89c8f55b04d3ae7aae9304fa7eac1dfafd602787cf09c019cc45de3bb6950ffc
  languageName: node
  linkType: hard

"cacache@npm:^20.0.1":
  version: 20.0.4
  resolution: "cacache@npm:20.0.4"
  dependencies:
    "@npmcli/fs": ^5.0.0
    fs-minipass: ^3.0.0
    glob: ^13.0.0
    lru-cache: ^11.1.0
    minipass: ^7.0.3
    minipass-collect: ^2.0.1
    minipass-flush: ^1.0.5
    minipass-pipeline: ^1.2.4
    p-map: ^7.0.2
    ssri: ^13.0.0
  checksum: b368523e60f3105167cbeec633c19ee773588439b32754f63aa8767fc6ea293ad2d92a765882f0f088037411ef2cffecff7c33496bfc13b2ec3a4f0f6e45bfe2
  languageName: node
  linkType: hard

"chownr@npm:^3.0.0":
  version: 3.0.0
  resolution: "chownr@npm:3.0.0"
  checksum: fd73a4bab48b79e66903fe1cafbdc208956f41ea4f856df883d0c7277b7ab29fd33ee65f93b2ec9192fc0169238f2f8307b7735d27c155821d886b84aa97aa8d
  languageName: node
  linkType: hard

"cliui@npm:^8.0.1":
  version: 8.0.1
  resolution: "cliui@npm:8.0.1"
  dependencies:
    string-width: ^4.2.0
    strip-ansi: ^6.0.1
    wrap-ansi: ^7.0.0
  checksum: 79648b3b0045f2e285b76fb2e24e207c6db44323581e421c3acbd0e86454cba1b37aea976ab50195a49e7384b871e6dfb2247ad7dec53c02454ac6497394cb56
  languageName: node
  linkType: hard

"cmd-shim@npm:^6.0.0":
  version: 6.0.1
  resolution: "cmd-shim@npm:6.0.1"
  checksum: 359006b3a5bb4a0ff161a44ccc18fbba947db748ef0dd12273e476792e316a5edb0945d74bfa1e91cd88ce0511025fde87901eda092c479d83cfcd6734562683
  languageName: node
  linkType: hard

"color-convert@npm:^2.0.1":
  version: 2.0.1
  resolution: "color-convert@npm:2.0.1"
  dependencies:
    color-name: ~1.1.4
  checksum: 79e6bdb9fd479a205c71d89574fccfb22bd9053bd98c6c4d870d65c132e5e904e6034978e55b43d69fcaa7433af2016ee203ce76eeba9cfa554b373e7f7db336
  languageName: node
  linkType: hard

"color-name@npm:~1.1.4":
  version: 1.1.4
  resolution: "color-name@npm:1.1.4"
  checksum: b0445859521eb4021cd0fb0cc1a75cecf67fceecae89b63f62b201cca8d345baf8b952c966862a9d9a2632987d4f6581f0ec8d957dfacece86f0a7919316f610
  languageName: node
  linkType: hard

"debug@npm:4, debug@npm:^4.3.4":
  version: 4.4.0
  resolution: "debug@npm:4.4.0"
  dependencies:
    ms: ^2.1.3
  peerDependenciesMeta:
    supports-color:
      optional: true
  checksum: fb42df878dd0e22816fc56e1fdca9da73caa85212fbe40c868b1295a6878f9101ae684f4eeef516c13acfc700f5ea07f1136954f43d4cd2d477a811144136479
  languageName: node
  linkType: hard

"emoji-regex@npm:^8.0.0":
  version: 8.0.0
  resolution: "emoji-regex@npm:8.0.0"
  checksum: d4c5c39d5a9868b5fa152f00cada8a936868fd3367f33f71be515ecee4c803132d11b31a6222b2571b1e5f7e13890156a94880345594d0ce7e3c9895f560f192
  languageName: node
  linkType: hard

"env-paths@npm:^2.2.0":
  version: 2.2.1
  resolution: "env-paths@npm:2.2.1"
  checksum: 65b5df55a8bab92229ab2b40dad3b387fad24613263d103a97f91c9fe43ceb21965cd3392b1ccb5d77088021e525c4e0481adb309625d0cb94ade1d1fb8dc17e
  languageName: node
  linkType: hard

"escalade@npm:^3.1.1":
  version: 3.1.1
  resolution: "escalade@npm:3.1.1"
  checksum: a3e2a99f07acb74b3ad4989c48ca0c3140f69f923e56d0cba0526240ee470b91010f9d39001f2a4a313841d237ede70a729e92125191ba5d21e74b106800b133
  languageName: node
  linkType: hard

"exponential-backoff@npm:^3.1.1":
  version: 3.1.2
  resolution: "exponential-backoff@npm:3.1.2"
  checksum: 7e191e3dd6edd8c56c88f2c8037c98fbb8034fe48778be53ed8cb30ccef371a061a4e999a469aab939b92f8f12698f3b426d52f4f76b7a20da5f9f98c3cbc862
  languageName: node
  linkType: hard

"fdir@npm:^6.5.0":
  version: 6.5.0
  resolution: "fdir@npm:6.5.0"
  peerDependencies:
    picomatch: ^3 || ^4
  peerDependenciesMeta:
    picomatch:
      optional: true
  checksum: bd537daa9d3cd53887eed35efa0eab2dbb1ca408790e10e024120e7a36c6e9ae2b33710cb8381e35def01bc9c1d7eaba746f886338413e68ff6ebaee07b9a6e8
  languageName: node
  linkType: hard

"fs-minipass@npm:^3.0.0":
  version: 3.0.3
  resolution: "fs-minipass@npm:3.0.3"
  dependencies:
    minipass: ^7.0.3
  checksum: 8722a41109130851d979222d3ec88aabaceeaaf8f57b2a8f744ef8bd2d1ce95453b04a61daa0078822bc5cd21e008814f06fe6586f56fef511e71b8d2394d802
  languageName: node
  linkType: hard

"function-bind@npm:^1.1.2":
  version: 1.1.2
  resolution: "function-bind@npm:1.1.2"
  checksum: 2b0ff4ce708d99715ad14a6d1f894e2a83242e4a52ccfcefaee5e40050562e5f6dafc1adbb4ce2d4ab47279a45dc736ab91ea5042d843c3c092820dfe032efb1
  languageName: node
  linkType: hard

"get-caller-file@npm:^2.0.5":
  version: 2.0.5
  resolution: "get-caller-file@npm:2.0.5"
  checksum: b9769a836d2a98c3ee734a88ba712e62703f1df31b94b784762c433c27a386dd6029ff55c2a920c392e33657d80191edbf18c61487e198844844516f843496b9
  languageName: node
  linkType: hard

"glob@npm:^13.0.0":
  version: 13.0.6
  resolution: "glob@npm:13.0.6"
  dependencies:
    minimatch: ^10.2.2
    minipass: ^7.1.3
    path-scurry: ^2.0.2
  checksum: 1eb421c696c66af3c26e4845dbdd222d3b982ede17448456b49272722d872e9a91741b50e4e827370c57d17a39a69790061f45033523f085c076d8fcc0f69d2b
  languageName: node
  linkType: hard

"graceful-fs@npm:^4.2.6":
  version: 4.2.11
  resolution: "graceful-fs@npm:4.2.11"
  checksum: ac85f94da92d8eb6b7f5a8b20ce65e43d66761c55ce85ac96df6865308390da45a8d3f0296dd3a663de65d30ba497bd46c696cc1e248c72b13d6d567138a4fc7
  languageName: node
  linkType: hard

"hasown@npm:^2.0.2":
  version: 2.0.2
  resolution: "hasown@npm:2.0.2"
  dependencies:
    function-bind: ^1.1.2
  checksum: e8516f776a15149ca6c6ed2ae3110c417a00b62260e222590e54aa367cbcd6ed99122020b37b7fbdf05748df57b265e70095d7bf35a47660587619b15ffb93db
  languageName: node
  linkType: hard

"hosted-git-info@npm:^9.0.0":
  version: 9.0.2
  resolution: "hosted-git-info@npm:9.0.2"
  dependencies:
    lru-cache: ^11.1.0
  checksum: 01687a41925189ab10dfd6c5b295d9186366faf22f74face5f83c6ac8e9927f25d5d91fad3352ee6833a3130e35d5fd71c9037a2d684e307cfd321724a90a689
  languageName: node
  linkType: hard

"http-cache-semantics@npm:^4.1.1":
  version: 4.1.1
  resolution: "http-cache-semantics@npm:4.1.1"
  checksum: 83ac0bc60b17a3a36f9953e7be55e5c8f41acc61b22583060e8dedc9dd5e3607c823a88d0926f9150e571f90946835c7fe150732801010845c72cd8bbff1a236
  languageName: node
  linkType: hard

"http-proxy-agent@npm:^7.0.0":
  version: 7.0.2
  resolution: "http-proxy-agent@npm:7.0.2"
  dependencies:
    agent-base: ^7.1.0
    debug: ^4.3.4
  checksum: 670858c8f8f3146db5889e1fa117630910101db601fff7d5a8aa637da0abedf68c899f03d3451cac2f83bcc4c3d2dabf339b3aa00ff8080571cceb02c3ce02f3
  languageName: node
  linkType: hard

"https-proxy-agent@npm:^7.0.1":
  version: 7.0.6
  resolution: "https-proxy-agent@npm:7.0.6"
  dependencies:
    agent-base: ^7.1.2
    debug: 4
  checksum: b882377a120aa0544846172e5db021fa8afbf83fea2a897d397bd2ddd8095ab268c24bc462f40a15f2a8c600bf4aa05ce52927f70038d4014e68aefecfa94e8d
  languageName: node
  linkType: hard

"husky@npm:^8.0.3":
  version: 8.0.3
  resolution: "husky@npm:8.0.3"
  bin:
    husky: lib/bin.js
  checksum: 837bc7e4413e58c1f2946d38fb050f5d7324c6f16b0fd66411ffce5703b294bd21429e8ba58711cd331951ee86ed529c5be4f76805959ff668a337dbfa82a1b0
  languageName: node
  linkType: hard

"iconv-lite@npm:^0.7.2":
  version: 0.7.2
  resolution: "iconv-lite@npm:0.7.2"
  dependencies:
    safer-buffer: ">= 2.1.2 < 3.0.0"
  checksum: faf884c1f631a5d676e3e64054bed891c7c5f616b790082d99ccfbfd017c661a39db8009160268fd65fae57c9154d4d491ebc9c301f3446a078460ef114dc4b8
  languageName: node
  linkType: hard

"imurmurhash@npm:^0.1.4":
  version: 0.1.4
  resolution: "imurmurhash@npm:0.1.4"
  checksum: 7cae75c8cd9a50f57dadd77482359f659eaebac0319dd9368bcd1714f55e65badd6929ca58569da2b6494ef13fdd5598cd700b1eba23f8b79c5f19d195a3ecf7
  languageName: node
  linkType: hard

"ini@npm:^6.0.0":
  version: 6.0.0
  resolution: "ini@npm:6.0.0"
  checksum: 82640ea788fac082fdf0a4d901654b0d4a32a62524cb9116206d2d66370fb12468af8bcdec0cafc2ceec71eb095919bf07410ce023e205383d3ae4d6c25b3626
  languageName: node
  linkType: hard

"ip-address@npm:^9.0.5":
  version: 9.0.5
  resolution: "ip-address@npm:9.0.5"
  dependencies:
    jsbn: 1.1.0
    sprintf-js: ^1.1.3
  checksum: aa15f12cfd0ef5e38349744e3654bae649a34c3b10c77a674a167e99925d1549486c5b14730eebce9fea26f6db9d5e42097b00aa4f9f612e68c79121c71652dc
  languageName: node
  linkType: hard

"is-core-module@npm:^2.16.0":
  version: 2.16.1
  resolution: "is-core-module@npm:2.16.1"
  dependencies:
    hasown: ^2.0.2
  checksum: 6ec5b3c42d9cbf1ac23f164b16b8a140c3cec338bf8f884c076ca89950c7cc04c33e78f02b8cae7ff4751f3247e3174b2330f1fe4de194c7210deb8b1ea316a7
  languageName: node
  linkType: hard

"is-fullwidth-code-point@npm:^3.0.0":
  version: 3.0.0
  resolution: "is-fullwidth-code-point@npm:3.0.0"
  checksum: 44a30c29457c7fb8f00297bce733f0a64cd22eca270f83e58c105e0d015e45c019491a4ab2faef91ab51d4738c670daff901c799f6a700e27f7314029e99e348
  languageName: node
  linkType: hard

"isexe@npm:^4.0.0":
  version: 4.0.0
  resolution: "isexe@npm:4.0.0"
  checksum: 2ead327ef596042ef9c9ec5f236b316acfaedb87f4bb61b3c3d574fb2e9c8a04b67305e04733bde52c24d9622fdebd3270aadb632adfbf9cadef88fe30f479e5
  languageName: node
  linkType: hard

"jsbn@npm:1.1.0":
  version: 1.1.0
  resolution: "jsbn@npm:1.1.0"
  checksum: 944f924f2bd67ad533b3850eee47603eed0f6ae425fd1ee8c760f477e8c34a05f144c1bd4f5a5dd1963141dc79a2c55f89ccc5ab77d039e7077f3ad196b64965
  languageName: node
  linkType: hard

"json-parse-even-better-errors@npm:^5.0.0":
  version: 5.0.0
  resolution: "json-parse-even-better-errors@npm:5.0.0"
  checksum: b5aeaa65e072bc3bda2cb1da50bf1822814b4aa7c568e7c2bed25af89d730f113dcb74393da574c0a32e889eeba4a826db600b8a6ecef917c59c8c6b38f2efaa
  languageName: node
  linkType: hard

"lru-cache@npm:^11.0.0, lru-cache@npm:^11.1.0, lru-cache@npm:^11.2.1":
  version: 11.2.7
  resolution: "lru-cache@npm:11.2.7"
  checksum: c4aba67de4a8566622eb1e99cc5f43c1f91129c941af7624d4bbd48f312525d4bf4ce808a414d658a6bc336f0163daa1098d3a3e736989ad65d3231f587fbc30
  languageName: node
  linkType: hard

"make-fetch-happen@npm:^15.0.0":
  version: 15.0.5
  resolution: "make-fetch-happen@npm:15.0.5"
  dependencies:
    "@gar/promise-retry": ^1.0.0
    "@npmcli/agent": ^4.0.0
    "@npmcli/redact": ^4.0.0
    cacache: ^20.0.1
    http-cache-semantics: ^4.1.1
    minipass: ^7.0.2
    minipass-fetch: ^5.0.0
    minipass-flush: ^1.0.5
    minipass-pipeline: ^1.2.4
    negotiator: ^1.0.0
    proc-log: ^6.0.0
    ssri: ^13.0.0
  checksum: e43195c1e98d37acb4358eb574e6b4a591cd46624cbb4800ab2988bd21a3e7b4a26f94b561af119637643b87144e2adf03808909fefa4f88122ee1b3af7e9400
  languageName: node
  linkType: hard

"minimatch@npm:^10.2.2":
  version: 10.2.4
  resolution: "minimatch@npm:10.2.4"
  dependencies:
    brace-expansion: ^5.0.2
  checksum: 56dce6b04c6b30b500d81d7a29822c108b7d58c46696ec7332d04a2bd104a5cb69e5c7ce93e1783dc66d61400d831e6e226ca101ac23665aff32ca303619dc3d
  languageName: node
  linkType: hard

"minipass-collect@npm:^2.0.1":
  version: 2.0.1
  resolution: "minipass-collect@npm:2.0.1"
  dependencies:
    minipass: ^7.0.3
  checksum: b251bceea62090f67a6cced7a446a36f4cd61ee2d5cea9aee7fff79ba8030e416327a1c5aa2908dc22629d06214b46d88fdab8c51ac76bacbf5703851b5ad342
  languageName: node
  linkType: hard

"minipass-fetch@npm:^5.0.0":
  version: 5.0.2
  resolution: "minipass-fetch@npm:5.0.2"
  dependencies:
    iconv-lite: ^0.7.2
    minipass: ^7.0.3
    minipass-sized: ^2.0.0
    minizlib: ^3.0.1
  dependenciesMeta:
    iconv-lite:
      optional: true
  checksum: d4dfdd9700fc8aba445834f75f2abaf9e5d404c10eda06e2db4a8ba89fc66a26956d19703d0edf9be864cb30dec22356d343509ad0a105446516c0ead4330328
  languageName: node
  linkType: hard

"minipass-flush@npm:^1.0.5":
  version: 1.0.5
  resolution: "minipass-flush@npm:1.0.5"
  dependencies:
    minipass: ^3.0.0
  checksum: 56269a0b22bad756a08a94b1ffc36b7c9c5de0735a4dd1ab2b06c066d795cfd1f0ac44a0fcae13eece5589b908ecddc867f04c745c7009be0b566421ea0944cf
  languageName: node
  linkType: hard

"minipass-pipeline@npm:^1.2.4":
  version: 1.2.4
  resolution: "minipass-pipeline@npm:1.2.4"
  dependencies:
    minipass: ^3.0.0
  checksum: b14240dac0d29823c3d5911c286069e36d0b81173d7bdf07a7e4a91ecdef92cdff4baaf31ea3746f1c61e0957f652e641223970870e2353593f382112257971b
  languageName: node
  linkType: hard

"minipass-sized@npm:^2.0.0":
  version: 2.0.0
  resolution: "minipass-sized@npm:2.0.0"
  dependencies:
    minipass: ^7.1.2
  checksum: 1a1fd251aef4e24050a04ea03fdc0514960f7304a374fd01f352bfdb72c0a2c084ad05d63e76011c181cadfb38dbf487f8782e1e778337f6a099ac2da26b6d5d
  languageName: node
  linkType: hard

"minipass@npm:^3.0.0":
  version: 3.3.6
  resolution: "minipass@npm:3.3.6"
  dependencies:
    yallist: ^4.0.0
  checksum: a30d083c8054cee83cdcdc97f97e4641a3f58ae743970457b1489ce38ee1167b3aaf7d815cd39ec7a99b9c40397fd4f686e83750e73e652b21cb516f6d845e48
  languageName: node
  linkType: hard

"minipass@npm:^7.0.2, minipass@npm:^7.0.3, minipass@npm:^7.1.2":
  version: 7.1.2
  resolution: "minipass@npm:7.1.2"
  checksum: 2bfd325b95c555f2b4d2814d49325691c7bee937d753814861b0b49d5edcda55cbbf22b6b6a60bb91eddac8668771f03c5ff647dcd9d0f798e9548b9cdc46ee3
  languageName: node
  linkType: hard

"minipass@npm:^7.0.4, minipass@npm:^7.1.3":
  version: 7.1.3
  resolution: "minipass@npm:7.1.3"
  checksum: 2ede17c0bf8fec499be3360fd07f0ec7666189e3907320a9b653f1530cf84af98928c5b12d80bfb75f321833bf2e97785b940540213ebdafe97a5f10327e664d
  languageName: node
  linkType: hard

"minizlib@npm:^3.0.1, minizlib@npm:^3.1.0":
  version: 3.1.0
  resolution: "minizlib@npm:3.1.0"
  dependencies:
    minipass: ^7.1.2
  checksum: a15e6f0128f514b7d41a1c68ce531155447f4669e32d279bba1c1c071ef6c2abd7e4d4579bb59ccc2ed1531346749665968fdd7be8d83eb6b6ae2fe1f3d370a7
  languageName: node
  linkType: hard

"ms@npm:^2.1.3":
  version: 2.1.3
  resolution: "ms@npm:2.1.3"
  checksum: aa92de608021b242401676e35cfa5aa42dd70cbdc082b916da7fb925c542173e36bce97ea3e804923fe92c0ad991434e4a38327e15a1b5b5f945d66df615ae6d
  languageName: node
  linkType: hard

"negotiator@npm:^1.0.0":
  version: 1.0.0
  resolution: "negotiator@npm:1.0.0"
  checksum: 20ebfe79b2d2e7cf9cbc8239a72662b584f71164096e6e8896c8325055497c96f6b80cd22c258e8a2f2aa382a787795ec3ee8b37b422a302c7d4381b0d5ecfbb
  languageName: node
  linkType: hard

"node-gyp@npm:^12.1.0":
  version: 12.2.0
  resolution: "node-gyp@npm:12.2.0"
  dependencies:
    env-paths: ^2.2.0
    exponential-backoff: ^3.1.1
    graceful-fs: ^4.2.6
    make-fetch-happen: ^15.0.0
    nopt: ^9.0.0
    proc-log: ^6.0.0
    semver: ^7.3.5
    tar: ^7.5.4
    tinyglobby: ^0.2.12
    which: ^6.0.0
  bin:
    node-gyp: bin/node-gyp.js
  checksum: d4ce0acd08bd41004f45e10cef468f4bd15eaafb3acc388a0c567416e1746dc005cc080b8a3495e4e2ae2eed170a2123ff622c2d6614062f4a839837dcf1dd9d
  languageName: node
  linkType: hard

"nopt@npm:^9.0.0":
  version: 9.0.0
  resolution: "nopt@npm:9.0.0"
  dependencies:
    abbrev: ^4.0.0
  bin:
    nopt: bin/nopt.js
  checksum: 7a5d9ab0629eaec1944a95438cc4efa6418ed2834aa8eb21a1bea579a7d8ac3e30120131855376a96ef59ab0e23ad8e0bc94d3349770a95e5cb7119339f7c7fb
  languageName: node
  linkType: hard

"npm-install-checks@npm:^8.0.0":
  version: 8.0.0
  resolution: "npm-install-checks@npm:8.0.0"
  dependencies:
    semver: ^7.1.1
  checksum: 7a58a84b676ea7fa8b40dca71c93161f77d9c60f1ac2786c7c502009674ee64058f0c628f8fbbb0bbb247bf4924b535549bdb8956e20c2e5337dee04184b2d4c
  languageName: node
  linkType: hard

"npm-normalize-package-bin@npm:3.0.1":
  version: 3.0.1
  resolution: "npm-normalize-package-bin@npm:3.0.1"
  checksum: de416d720ab22137a36292ff8a333af499ea0933ef2320a8c6f56a73b0f0448227fec4db5c890d702e26d21d04f271415eab6580b5546456861cc0c19498a4bf
  languageName: node
  linkType: hard

"npm-normalize-package-bin@npm:^3.0.0":
  version: 3.0.0
  resolution: "npm-normalize-package-bin@npm:3.0.0"
  checksum: 6a34886c150b0f5302aad52a9446e5c939aa14eeb462323e75681517b36c6b9eaef83e1f5bc2d7e5154b3b752cbce81bed05e290db3f1f7edf857cbb895e35c0
  languageName: node
  linkType: hard

"npm-normalize-package-bin@npm:^5.0.0":
  version: 5.0.0
  resolution: "npm-normalize-package-bin@npm:5.0.0"
  checksum: 969bc042d7bb029b5da7eb733e7642b238e3cb071ad57b56a3f128069bc1a3cbc2a4f4af30ee75b11660c368d60b89811ecd1430cf2ea1a7ff36f30052a4aeda
  languageName: node
  linkType: hard

"npm-package-arg@npm:^13.0.0":
  version: 13.0.2
  resolution: "npm-package-arg@npm:13.0.2"
  dependencies:
    hosted-git-info: ^9.0.0
    proc-log: ^6.0.0
    semver: ^7.3.5
    validate-npm-package-name: ^7.0.0
  checksum: 2b84c322975403f20716a1e89ee6287edb1122fb1ef95b6840738f46db11d6fd511d1caedb33d64146a146b64aacc3d30596646db298f7e8f99fc6ccd4251f79
  languageName: node
  linkType: hard

"npm-pick-manifest@npm:^11.0.1":
  version: 11.0.3
  resolution: "npm-pick-manifest@npm:11.0.3"
  dependencies:
    npm-install-checks: ^8.0.0
    npm-normalize-package-bin: ^5.0.0
    npm-package-arg: ^13.0.0
    semver: ^7.3.5
  checksum: e3247d06d6866f9903ab4dfd92a2dc823ef418fd447fe88d099ec880ffa7ed15837b56f1c77841fb851440a520aa5a1bc810b5309715d49c5d234be35f33c6b4
  languageName: node
  linkType: hard

"p-map@npm:^7.0.2":
  version: 7.0.4
  resolution: "p-map@npm:7.0.4"
  checksum: 4be2097e942f2fd3a4f4b0c6585c721f23851de8ad6484d20c472b3ea4937d5cd9a59914c832b1bceac7bf9d149001938036b82a52de0bc381f61ff2d35d26a5
  languageName: node
  linkType: hard

"path-parse@npm:^1.0.7":
  version: 1.0.7
  resolution: "path-parse@npm:1.0.7"
  checksum: 49abf3d81115642938a8700ec580da6e830dde670be21893c62f4e10bd7dd4c3742ddc603fe24f898cba7eb0c6bc1777f8d9ac14185d34540c6d4d80cd9cae8a
  languageName: node
  linkType: hard

"path-scurry@npm:^2.0.2":
  version: 2.0.2
  resolution: "path-scurry@npm:2.0.2"
  dependencies:
    lru-cache: ^11.0.0
    minipass: ^7.1.2
  checksum: a723afe86e342e19dd1b49ce4f5b64a9a84b1e2e07ffc62f051c11623ecd461b1bf1599eee1ecacfce03dda8b6bb866a5df80c0ded45375d258ff22f631920a7
  languageName: node
  linkType: hard

"picomatch@npm:^4.0.3":
  version: 4.0.4
  resolution: "picomatch@npm:4.0.4"
  checksum: 76b387b5157951422fa6049a96bdd1695e39dd126cd99df34d343638dc5cdb8bcdc83fff288c23eddcf7c26657c35e3173d4d5f488c4f28b889b314472e0a662
  languageName: node
  linkType: hard

"proc-log@npm:^6.0.0":
  version: 6.1.0
  resolution: "proc-log@npm:6.1.0"
  checksum: ac450ff8244e95b0c9935b52d629fef92ae69b7e39aea19972a8234259614d644402dd62ce9cb094f4a637d8a4514cba90c1456ad785a40ad5b64d502875a817
  languageName: node
  linkType: hard

"read-cmd-shim@npm:^4.0.0":
  version: 4.0.0
  resolution: "read-cmd-shim@npm:4.0.0"
  checksum: 2fb5a8a38984088476f559b17c6a73324a5db4e77e210ae0aab6270480fd85c355fc990d1c79102e25e555a8201606ed12844d6e3cd9f35d6a1518791184e05b
  languageName: node
  linkType: hard

"require-directory@npm:^2.1.1":
  version: 2.1.1
  resolution: "require-directory@npm:2.1.1"
  checksum: fb47e70bf0001fdeabdc0429d431863e9475e7e43ea5f94ad86503d918423c1543361cc5166d713eaa7029dd7a3d34775af04764bebff99ef413111a5af18c80
  languageName: node
  linkType: hard

"resolve@npm:1.22.10":
  version: 1.22.10
  resolution: "resolve@npm:1.22.10"
  dependencies:
    is-core-module: ^2.16.0
    path-parse: ^1.0.7
    supports-preserve-symlinks-flag: ^1.0.0
  bin:
    resolve: bin/resolve
  checksum: ab7a32ff4046fcd7c6fdd525b24a7527847d03c3650c733b909b01b757f92eb23510afa9cc3e9bf3f26a3e073b48c88c706dfd4c1d2fb4a16a96b73b6328ddcf
  languageName: node
  linkType: hard

"resolve@patch:resolve@1.22.10#~builtin<compat/resolve>":
  version: 1.22.10
  resolution: "resolve@patch:resolve@npm%3A1.22.10#~builtin<compat/resolve>::version=1.22.10&hash=c3c19d"
  dependencies:
    is-core-module: ^2.16.0
    path-parse: ^1.0.7
    supports-preserve-symlinks-flag: ^1.0.0
  bin:
    resolve: bin/resolve
  checksum: 8aac1e4e4628bd00bf4b94b23de137dd3fe44097a8d528fd66db74484be929936e20c696e1a3edf4488f37e14180b73df6f600992baea3e089e8674291f16c9d
  languageName: node
  linkType: hard

"safer-buffer@npm:>= 2.1.2 < 3.0.0":
  version: 2.1.2
  resolution: "safer-buffer@npm:2.1.2"
  checksum: cab8f25ae6f1434abee8d80023d7e72b598cf1327164ddab31003c51215526801e40b66c5e65d658a0af1e9d6478cadcb4c745f4bd6751f97d8644786c0978b0
  languageName: node
  linkType: hard

"semver@npm:^7.1.1, semver@npm:^7.3.5, semver@npm:^7.5.3":
  version: 7.7.1
  resolution: "semver@npm:7.7.1"
  bin:
    semver: bin/semver.js
  checksum: 586b825d36874007c9382d9e1ad8f93888d8670040add24a28e06a910aeebd673a2eb9e3bf169c6679d9245e66efb9057e0852e70d9daa6c27372aab1dda7104
  languageName: node
  linkType: hard

"signal-exit@npm:^3.0.7":
  version: 3.0.7
  resolution: "signal-exit@npm:3.0.7"
  checksum: a2f098f247adc367dffc27845853e9959b9e88b01cb301658cfe4194352d8d2bb32e18467c786a7fe15f1d44b233ea35633d076d5e737870b7139949d1ab6318
  languageName: node
  linkType: hard

"smart-buffer@npm:^4.2.0":
  version: 4.2.0
  resolution: "smart-buffer@npm:4.2.0"
  checksum: b5167a7142c1da704c0e3af85c402002b597081dd9575031a90b4f229ca5678e9a36e8a374f1814c8156a725d17008ae3bde63b92f9cfd132526379e580bec8b
  languageName: node
  linkType: hard

"socks-proxy-agent@npm:^8.0.3":
  version: 8.0.5
  resolution: "socks-proxy-agent@npm:8.0.5"
  dependencies:
    agent-base: ^7.1.2
    debug: ^4.3.4
    socks: ^2.8.3
  checksum: b4fbcdb7ad2d6eec445926e255a1fb95c975db0020543fbac8dfa6c47aecc6b3b619b7fb9c60a3f82c9b2969912a5e7e174a056ae4d98cb5322f3524d6036e1d
  languageName: node
  linkType: hard

"socks@npm:^2.8.3":
  version: 2.8.4
  resolution: "socks@npm:2.8.4"
  dependencies:
    ip-address: ^9.0.5
    smart-buffer: ^4.2.0
  checksum: cd1edc924475d5dfde534adf66038df7e62c7343e6b8c0113e52dc9bb6a0a10e25b2f136197f379d695f18e8f0f2b7f6e42977bf720ddbee912a851201c396ad
  languageName: node
  linkType: hard

"spdx-exceptions@npm:^2.1.0":
  version: 2.5.0
  resolution: "spdx-exceptions@npm:2.5.0"
  checksum: bb127d6e2532de65b912f7c99fc66097cdea7d64c10d3ec9b5e96524dbbd7d20e01cba818a6ddb2ae75e62bb0c63d5e277a7e555a85cbc8ab40044984fa4ae15
  languageName: node
  linkType: hard

"spdx-expression-parse@npm:^4.0.0":
  version: 4.0.0
  resolution: "spdx-expression-parse@npm:4.0.0"
  dependencies:
    spdx-exceptions: ^2.1.0
    spdx-license-ids: ^3.0.0
  checksum: 936be681fbf5edeec3a79c023136479f70d6edb3fd3875089ac86cd324c6c8c81add47399edead296d1d0af17ae5ce88c7f88885eb150b62c2ff6e535841ca6a
  languageName: node
  linkType: hard

"spdx-license-ids@npm:^3.0.0":
  version: 3.0.21
  resolution: "spdx-license-ids@npm:3.0.21"
  checksum: 681dfe26d250f48cc725c9118adf1eb0a175e3c298cd8553c039bfae37ed21bea30a27bc02dbb99b4a0d3a25c644c5dda952090e11ef4b3093f6ec7db4b93b58
  languageName: node
  linkType: hard

"sprintf-js@npm:^1.1.3":
  version: 1.1.3
  resolution: "sprintf-js@npm:1.1.3"
  checksum: a3fdac7b49643875b70864a9d9b469d87a40dfeaf5d34d9d0c5b1cda5fd7d065531fcb43c76357d62254c57184a7b151954156563a4d6a747015cfb41021cad0
  languageName: node
  linkType: hard

"ssri@npm:^13.0.0":
  version: 13.0.1
  resolution: "ssri@npm:13.0.1"
  dependencies:
    minipass: ^7.0.3
  checksum: 42acbdbd485e9a5a198de2198b6fd474d1e84bff6bea5d95aa0a8aa26ea78ce44f2097ac481e767f0406de7ceccfa4669584116d4fcf2d4e2dba7034d7c34930
  languageName: node
  linkType: hard

"string-width@npm:^4.1.0, string-width@npm:^4.2.0, string-width@npm:^4.2.3":
  version: 4.2.3
  resolution: "string-width@npm:4.2.3"
  dependencies:
    emoji-regex: ^8.0.0
    is-fullwidth-code-point: ^3.0.0
    strip-ansi: ^6.0.1
  checksum: e52c10dc3fbfcd6c3a15f159f54a90024241d0f149cf8aed2982a2d801d2e64df0bf1dc351cf8e95c3319323f9f220c16e740b06faecd53e2462df1d2b5443fb
  languageName: node
  linkType: hard

"strip-ansi@npm:^6.0.0, strip-ansi@npm:^6.0.1":
  version: 6.0.1
  resolution: "strip-ansi@npm:6.0.1"
  dependencies:
    ansi-regex: ^5.0.1
  checksum: f3cd25890aef3ba6e1a74e20896c21a46f482e93df4a06567cebf2b57edabb15133f1f94e57434e0a958d61186087b1008e89c94875d019910a213181a14fc8c
  languageName: node
  linkType: hard

"super_diff@workspace:.":
  version: 0.0.0-use.local
  resolution: "super_diff@workspace:."
  dependencies:
    "@lavamoat/allow-scripts": ^3.4.3
    husky: ^8.0.3
  languageName: unknown
  linkType: soft

"supports-preserve-symlinks-flag@npm:^1.0.0":
  version: 1.0.0
  resolution: "supports-preserve-symlinks-flag@npm:1.0.0"
  checksum: 53b1e247e68e05db7b3808b99b892bd36fb096e6fba213a06da7fab22045e97597db425c724f2bbd6c99a3c295e1e73f3e4de78592289f38431049e1277ca0ae
  languageName: node
  linkType: hard

"tar@npm:^7.5.4":
  version: 7.5.13
  resolution: "tar@npm:7.5.13"
  dependencies:
    "@isaacs/fs-minipass": ^4.0.0
    chownr: ^3.0.0
    minipass: ^7.1.2
    minizlib: ^3.1.0
    yallist: ^5.0.0
  checksum: adcc2a9179dab1b36ecb26575e698d2df8491a1df2cc83e2a0fdd8eaefd076da60dd2e20383a37760b5790bee34e9291aa2b2a9b3deef37ff03c1046219e5df7
  languageName: node
  linkType: hard

"tinyglobby@npm:^0.2.12":
  version: 0.2.15
  resolution: "tinyglobby@npm:0.2.15"
  dependencies:
    fdir: ^6.5.0
    picomatch: ^4.0.3
  checksum: 0e33b8babff966c6ab86e9b825a350a6a98a63700fa0bb7ae6cf36a7770a508892383adc272f7f9d17aaf46a9d622b455e775b9949a3f951eaaf5dfb26331d44
  languageName: node
  linkType: hard

"type-fest@npm:4.41.0":
  version: 4.41.0
  resolution: "type-fest@npm:4.41.0"
  checksum: 7055c0e3eb188425d07403f1d5dc175ca4c4f093556f26871fe22041bc93d137d54bef5851afa320638ca1379106c594f5aa153caa654ac1a7f22c71588a4e80
  languageName: node
  linkType: hard

"validate-npm-package-name@npm:^7.0.0":
  version: 7.0.2
  resolution: "validate-npm-package-name@npm:7.0.2"
  checksum: 2a9bdc6fd5e4284c8e02279446bfd3c38c0c01222555fd3b00b4765d9d47b217d4a200910be71b80b958f6baf40d2d32e812a8632633a2ce376a9b3b74811072
  languageName: node
  linkType: hard

"which@npm:^6.0.0":
  version: 6.0.1
  resolution: "which@npm:6.0.1"
  dependencies:
    isexe: ^4.0.0
  bin:
    node-which: bin/which.js
  checksum: dbea77c7d3058bf6c78bf9659d2dce4d2b57d39a15b826b2af6ac2e5a219b99dc8a831b79fdbc453c0598adb4f3f84cf9c2491fd52beb9f5d2dececcad117f68
  languageName: node
  linkType: hard

"wrap-ansi@npm:^7.0.0":
  version: 7.0.0
  resolution: "wrap-ansi@npm:7.0.0"
  dependencies:
    ansi-styles: ^4.0.0
    string-width: ^4.1.0
    strip-ansi: ^6.0.0
  checksum: a790b846fd4505de962ba728a21aaeda189b8ee1c7568ca5e817d85930e06ef8d1689d49dbf0e881e8ef84436af3a88bc49115c2e2788d841ff1b8b5b51a608b
  languageName: node
  linkType: hard

"write-file-atomic@npm:^5.0.0":
  version: 5.0.0
  resolution: "write-file-atomic@npm:5.0.0"
  dependencies:
    imurmurhash: ^0.1.4
    signal-exit: ^3.0.7
  checksum: 6ee16b195572386cb1c905f9d29808f77f4de2fd063d74a6f1ab6b566363832d8906a493b764ee715e57ab497271d5fc91642a913724960e8e845adf504a9837
  languageName: node
  linkType: hard

"y18n@npm:^5.0.5":
  version: 5.0.8
  resolution: "y18n@npm:5.0.8"
  checksum: 54f0fb95621ee60898a38c572c515659e51cc9d9f787fb109cef6fde4befbe1c4602dc999d30110feee37456ad0f1660fa2edcfde6a9a740f86a290999550d30
  languageName: node
  linkType: hard

"yallist@npm:^4.0.0":
  version: 4.0.0
  resolution: "yallist@npm:4.0.0"
  checksum: 343617202af32df2a15a3be36a5a8c0c8545208f3d3dfbc6bb7c3e3b7e8c6f8e7485432e4f3b88da3031a6e20afa7c711eded32ddfb122896ac5d914e75848d5
  languageName: node
  linkType: hard

"yallist@npm:^5.0.0":
  version: 5.0.0
  resolution: "yallist@npm:5.0.0"
  checksum: eba51182400b9f35b017daa7f419f434424410691bbc5de4f4240cc830fdef906b504424992700dc047f16b4d99100a6f8b8b11175c193f38008e9c96322b6a5
  languageName: node
  linkType: hard

"yargs-parser@npm:^21.1.1":
  version: 21.1.1
  resolution: "yargs-parser@npm:21.1.1"
  checksum: ed2d96a616a9e3e1cc7d204c62ecc61f7aaab633dcbfab2c6df50f7f87b393993fe6640d017759fe112d0cb1e0119f2b4150a87305cc873fd90831c6a58ccf1c
  languageName: node
  linkType: hard

"yargs@npm:17.7.2":
  version: 17.7.2
  resolution: "yargs@npm:17.7.2"
  dependencies:
    cliui: ^8.0.1
    escalade: ^3.1.1
    get-caller-file: ^2.0.5
    require-directory: ^2.1.1
    string-width: ^4.2.3
    y18n: ^5.0.5
    yargs-parser: ^21.1.1
  checksum: 73b572e863aa4a8cbef323dd911d79d193b772defd5a51aab0aca2d446655216f5002c42c5306033968193bdbf892a7a4c110b0d77954a7fdf563e653967b56a
  languageName: node
  linkType: hard
